// !$*UTF8*$!
{
	archiveVersion = 1;
	classes = {
	};
	objectVersion = 46;
	objects = {

/* Begin PBXBuildFile section */
		0000A022020A552CD7C0E4FE /* StowRootView.swift in Sources */ = {isa = PBXBuildFile; fileRef = 62770EB4996C3073DB0C5D8F /* StowRootView.swift */; };
		0040E8ACAF0BA962ECC4C10E /* QuickPanelInteractionPolicyTests.swift in Sources */ = {isa = PBXBuildFile; fileRef = 8268FB9AF797B5657A4590B4 /* QuickPanelInteractionPolicyTests.swift */; };
		02F41832A3322681501ED2A6 /* StowCore in Frameworks */ = {isa = PBXBuildFile; productRef = 117F6D5238FBEDD7DDA4F0D7 /* StowCore */; };
		06CC30562FBCF097F85C79F3 /* RetrievalPastePolicy.swift in Sources */ = {isa = PBXBuildFile; fileRef = 5B6733E5C9BC22E5B7E84A64 /* RetrievalPastePolicy.swift */; };
		082D29CEE8ACF133A0FE294E /* AppModel.swift in Sources */ = {isa = PBXBuildFile; fileRef = F1A788C3A02C767C90473AE2 /* AppModel.swift */; };
		0CC25AF3F07CE83453CCC6AA /* ShareCaptureView.swift in Sources */ = {isa = PBXBuildFile; fileRef = 909F664C7DE4664231DE0DDA /* ShareCaptureView.swift */; };
		0E5C0DE98ABB35C2A1C56411 /* PrivacyInfo.xcprivacy in Resources */ = {isa = PBXBuildFile; fileRef = A0F598A9652989C3BBF26AB1 /* PrivacyInfo.xcprivacy */; };
		1154CA4DB63B5897D714EAA6 /* ClipboardCapturePolicy.swift in Sources */ = {isa = PBXBuildFile; fileRef = 63876FB1BA1B1B47D8D6423D /* ClipboardCapturePolicy.swift */; };
		121BCC372F99A382F2B4CAD7 /* StowEnvironment.swift in Sources */ = {isa = PBXBuildFile; fileRef = 65609923175544A55AAF431B /* StowEnvironment.swift */; };
		15D1166F1EBF75006BB7021F /* StowItemDetailView.swift in Sources */ = {isa = PBXBuildFile; fileRef = E7EB6C816F13BF14CFFA69C7 /* StowItemDetailView.swift */; };
		173118C86FEDD468E0A1834D /* Foundation.framework in Frameworks */ = {isa = PBXBuildFile; fileRef = D36769836B9B583C2DBDF0A3 /* Foundation.framework */; };
		180EC89D39B1B924BA17B0CC /* MacLibraryPresentationTests.swift in Sources */ = {isa = PBXBuildFile; fileRef = 5AA4E3F88A701621CF669EE0 /* MacLibraryPresentationTests.swift */; };
		1A2E4B0B353AE15F54CC08E5 /* StowAutomationController.swift in Sources */ = {isa = PBXBuildFile; fileRef = 42E1B8DDC8BF8D6E9CD4E3F9 /* StowAutomationController.swift */; };
		1BBF5C7C7098F614632BC985 /* StowMacUITests.swift in Sources */ = {isa = PBXBuildFile; fileRef = 18D22349BBF50A1B0A68CED5 /* StowMacUITests.swift */; };
		288DF73937247A46479D8679 /* GlobalHotKeyService.swift in Sources */ = {isa = PBXBuildFile; fileRef = 1B8F85AB2B2B8C312C6807D6 /* GlobalHotKeyService.swift */; };
		28B225B533D3574A13705A3C /* QuickPanelInteractionPolicy.swift in Sources */ = {isa = PBXBuildFile; fileRef = 008EFDAA6EB372C8425C6EF5 /* QuickPanelInteractionPolicy.swift */; };
		2A615329E3B3562FD933D24E /* StowUITests.swift in Sources */ = {isa = PBXBuildFile; fileRef = 20861C0C7D42B4D7AE5436A5 /* StowUITests.swift */; };
		2E745EA8446DDF61C91C6B51 /* MacLibraryPresentation.swift in Sources */ = {isa = PBXBuildFile; fileRef = FE2D74B59FF32398BE1C3BC9 /* MacLibraryPresentation.swift */; };
		3524C6AB332196EC21353A4A /* Foundation.framework in Frameworks */ = {isa = PBXBuildFile; fileRef = D36769836B9B583C2DBDF0A3 /* Foundation.framework */; };
		3587364194B208AF10331645 /* QuickAddView.swift in Sources */ = {isa = PBXBuildFile; fileRef = 642C909D2A33BCFA13AED8BF /* QuickAddView.swift */; };
		3FE03017DCA79963014B33A5 /* ClipboardCapturePolicyTests.swift in Sources */ = {isa = PBXBuildFile; fileRef = 17A0752CAD179C3226808960 /* ClipboardCapturePolicyTests.swift */; };
		4185E44A7F618A73A764B0BB /* LinkMetadataEnricher.swift in Sources */ = {isa = PBXBuildFile; fileRef = 0AC9CBC468614B5247D69062 /* LinkMetadataEnricher.swift */; };
		4266C990498CCCCE80A37B5A /* StowAutomationHostService.swift in Sources */ = {isa = PBXBuildFile; fileRef = 571648D88CEDE083A904CD5E /* StowAutomationHostService.swift */; };
		443BD966D5B29992F31F9E25 /* StowMacApp.swift in Sources */ = {isa = PBXBuildFile; fileRef = 39F81DC4C7481BE31BAC9FD1 /* StowMacApp.swift */; };
		49642C8D13298848FBCF2A98 /* PrivacyInfo.xcprivacy in Resources */ = {isa = PBXBuildFile; fileRef = A0F598A9652989C3BBF26AB1 /* PrivacyInfo.xcprivacy */; };
		4A78367CA533EFDF4A24CBCF /* QuickAddView.swift in Sources */ = {isa = PBXBuildFile; fileRef = 642C909D2A33BCFA13AED8BF /* QuickAddView.swift */; };
		4BDC4E3043365F3AA0E181E6 /* MacSettingsModels.swift in Sources */ = {isa = PBXBuildFile; fileRef = 65DE82C2D88B50242DC118F1 /* MacSettingsModels.swift */; };
		5210F58E78013EB653A24411 /* RetrievalPanel.swift in Sources */ = {isa = PBXBuildFile; fileRef = 04159F53C9D66A6EB44369C5 /* RetrievalPanel.swift */; };
		524FFD1DB063D5EA584BC453 /* ShareViewController.swift in Sources */ = {isa = PBXBuildFile; fileRef = EAAEDFA2CD3B9F2AD9D3ADEF /* ShareViewController.swift */; };
		536BC45488202B3FC8B488B6 /* PlatformActionsPasteTests.swift in Sources */ = {isa = PBXBuildFile; fileRef = 91B33E680670ACB29F6A5313 /* PlatformActionsPasteTests.swift */; };
		53F61275A5381D01A9B277BF /* QuickPanelClosePolicyTests.swift in Sources */ = {isa = PBXBuildFile; fileRef = B9F5D2150A0AD1BA3871AD20 /* QuickPanelClosePolicyTests.swift */; };
		585F26011487F7F1300C21C8 /* StowCore in Frameworks */ = {isa = PBXBuildFile; productRef = 3FC668A6993235FAC41BA43D /* StowCore */; };
		58AE85D0C91B9D1179EABF51 /* StowCLI.swift in Sources */ = {isa = PBXBuildFile; fileRef = D7939A46D387B931EDA357A7 /* StowCLI.swift */; };
		66FA28339005F538F8FDBA09 /* ShareCaptureView.swift in Sources */ = {isa = PBXBuildFile; fileRef = 909F664C7DE4664231DE0DDA /* ShareCaptureView.swift */; };
		69570EAB317871AC7D481EB8 /* StowItemDetailView.swift in Sources */ = {isa = PBXBuildFile; fileRef = E7EB6C816F13BF14CFFA69C7 /* StowItemDetailView.swift */; };
		6AFCAB1BA0CC7E7801205C50 /* MacLibraryView.swift in Sources */ = {isa = PBXBuildFile; fileRef = 2BD28696172EFAF834904242 /* MacLibraryView.swift */; };
		712173A238D42D732161F9AD /* Cocoa.framework in Frameworks */ = {isa = PBXBuildFile; fileRef = 88F25BA270A74D95A16A1E66 /* Cocoa.framework */; };
		781B0389836AED519646E23B /* StowEnvironment.swift in Sources */ = {isa = PBXBuildFile; fileRef = 65609923175544A55AAF431B /* StowEnvironment.swift */; };
		7A906DC89008AFE4D8F53C1F /* RetrievalPastePolicyTests.swift in Sources */ = {isa = PBXBuildFile; fileRef = B1915A735094A8DA02C7E4B8 /* RetrievalPastePolicyTests.swift */; };
		7B98E0CC1F819C99BABD6F2A /* StowCore in Frameworks */ = {isa = PBXBuildFile; productRef = 9657CA1729E7964460D1E599 /* StowCore */; };
		7DA07133D77A780E2040383E /* MacAppCoordinator.swift in Sources */ = {isa = PBXBuildFile; fileRef = AABBCD997ABEE9CDC74D5E46 /* MacAppCoordinator.swift */; };
		83CBDEFD5C405A0C3ECEBE29 /* MacSettingsModelsTests.swift in Sources */ = {isa = PBXBuildFile; fileRef = 93B6B9B1B5DD15BFB3832C2E /* MacSettingsModelsTests.swift */; };
		8570C9E809B2BEE838315ECD /* PlatformActions.swift in Sources */ = {isa = PBXBuildFile; fileRef = EC4A54AE40FC6465A7533342 /* PlatformActions.swift */; };
		8B39A3D3B7396B470776763B /* StowCLIOutput.swift in Sources */ = {isa = PBXBuildFile; fileRef = EAEE01F6C64611BFE6E3ABC5 /* StowCLIOutput.swift */; };
		8B4B73C1069B4D2153F35D1A /* QuickPanelClosePolicy.swift in Sources */ = {isa = PBXBuildFile; fileRef = F0296D3DEFBC555181CD4351 /* QuickPanelClosePolicy.swift */; };
		9C9E044853868B3A10789617 /* StowCore in Frameworks */ = {isa = PBXBuildFile; productRef = E7F7230ED27654007800CC99 /* StowCore */; };
		A5111F307BE4DFA431F98260 /* Assets.xcassets in Resources */ = {isa = PBXBuildFile; fileRef = 6660F23F777BE9A4EE938C64 /* Assets.xcassets */; };
		A63F5FD5CC41C1A2F24D0403 /* Assets.xcassets in Resources */ = {isa = PBXBuildFile; fileRef = 6660F23F777BE9A4EE938C64 /* Assets.xcassets */; };
		A6AB2DCFC7432EC9EB98C1AF /* LinkMetadataEnricher.swift in Sources */ = {isa = PBXBuildFile; fileRef = 0AC9CBC468614B5247D69062 /* LinkMetadataEnricher.swift */; };
		A99B7AF63195EFEF03B5E22F /* ItemCollectionView.swift in Sources */ = {isa = PBXBuildFile; fileRef = 061D790D7B2D6919DD72F0A5 /* ItemCollectionView.swift */; };
		ADB78E22AF47B6F12D985F40 /* GlobalHotKeyServiceTests.swift in Sources */ = {isa = PBXBuildFile; fileRef = F03AEBB8168297D598236B72 /* GlobalHotKeyServiceTests.swift */; };
		AFC4C386ECFBCA4EC3EA3C64 /* StowSettingsView.swift in Sources */ = {isa = PBXBuildFile; fileRef = 1EE50CB633249D9FBB7D981D /* StowSettingsView.swift */; };
		B1EBE7D451A342C1BEED25D8 /* CloudSyncMonitor.swift in Sources */ = {isa = PBXBuildFile; fileRef = F147E3BB48B5B946CE29B474 /* CloudSyncMonitor.swift */; };
		B276616F4661F3701DF38BEC /* ItemCollectionView.swift in Sources */ = {isa = PBXBuildFile; fileRef = 061D790D7B2D6919DD72F0A5 /* ItemCollectionView.swift */; };
		B74A1D411A5B9CD061F1A385 /* Cocoa.framework in Frameworks */ = {isa = PBXBuildFile; fileRef = 88F25BA270A74D95A16A1E66 /* Cocoa.framework */; };
		B7C62B7BC894267E34EFC29F /* StowSettingsView.swift in Sources */ = {isa = PBXBuildFile; fileRef = 1EE50CB633249D9FBB7D981D /* StowSettingsView.swift */; };
		B91C380B76F1026EC5F8857A /* PrivacyInfo.xcprivacy in Resources */ = {isa = PBXBuildFile; fileRef = A0F598A9652989C3BBF26AB1 /* PrivacyInfo.xcprivacy */; };
		B967F1C79A0D60966EC96A48 /* StowCLIClient.swift in Sources */ = {isa = PBXBuildFile; fileRef = E6E3A9F6FD22EDA93666188A /* StowCLIClient.swift */; };
		BAF74C77D682986981AA2D39 /* StowRootView.swift in Sources */ = {isa = PBXBuildFile; fileRef = 62770EB4996C3073DB0C5D8F /* StowRootView.swift */; };
		BD2CEE72A8182D5EA32B4BFC /* StowShareButton.swift in Sources */ = {isa = PBXBuildFile; fileRef = B1EBB22F5F7039DDD1E4C99C /* StowShareButton.swift */; };
		BD603001EB08CE1AD84F86E0 /* MacSettingsView.swift in Sources */ = {isa = PBXBuildFile; fileRef = 4FBA2CF41EEC1E2F46E98F83 /* MacSettingsView.swift */; };
		BFCC329BACC1291E451CF58C /* CloudSyncMonitor.swift in Sources */ = {isa = PBXBuildFile; fileRef = F147E3BB48B5B946CE29B474 /* CloudSyncMonitor.swift */; };
		C187AE432F4733FD6FFE18B1 /* SearchIndexRecoveryTests.swift in Sources */ = {isa = PBXBuildFile; fileRef = A38D6A71B9F0AE1BACB3E422 /* SearchIndexRecoveryTests.swift */; };
		C49A82B97998A654C647C4AB /* PlatformActions.swift in Sources */ = {isa = PBXBuildFile; fileRef = EC4A54AE40FC6465A7533342 /* PlatformActions.swift */; };
		C9BA26FF6642532251BA86AC /* StowAutomationHostServiceTests.swift in Sources */ = {isa = PBXBuildFile; fileRef = 9548A44E512CA4728F1F6455 /* StowAutomationHostServiceTests.swift */; };
		CC0B4946262A2CCBD2E94132 /* ShareCaptureModel.swift in Sources */ = {isa = PBXBuildFile; fileRef = 7BAF05A1E718374342238EDB /* ShareCaptureModel.swift */; };
		CF0B90BD6DBDB3C2CE6F4AC6 /* ShareCaptureModel.swift in Sources */ = {isa = PBXBuildFile; fileRef = 7BAF05A1E718374342238EDB /* ShareCaptureModel.swift */; };
		D14406266C6BBD9F98587BD3 /* Foundation.framework in Frameworks */ = {isa = PBXBuildFile; fileRef = D36769836B9B583C2DBDF0A3 /* Foundation.framework */; };
		D5B9A4D6D534F508C1B8F948 /* ShareViewController.swift in Sources */ = {isa = PBXBuildFile; fileRef = 2C4CA1D0548D990E1A2C30B9 /* ShareViewController.swift */; };
		D74F049CC6950130CE1287DD /* Cocoa.framework in Frameworks */ = {isa = PBXBuildFile; fileRef = 88F25BA270A74D95A16A1E66 /* Cocoa.framework */; };
		DA95BB2F6B765A09D9B065E2 /* StowCLIArguments.swift in Sources */ = {isa = PBXBuildFile; fileRef = 04722B36F6A24EDB0CB47328 /* StowCLIArguments.swift */; };
		DBA34C017DDB8B9968355778 /* RetrievalPanelController.swift in Sources */ = {isa = PBXBuildFile; fileRef = 99D16B4D139A504E85F533A7 /* RetrievalPanelController.swift */; };
		DEA4C4CFED93C441F7F5667B /* StowAppSmokeTests.swift in Sources */ = {isa = PBXBuildFile; fileRef = 4E3E27FBE9EC95BA0A16898F /* StowAppSmokeTests.swift */; };
		E24BCF496FDB2534023436F1 /* Cocoa.framework in Frameworks */ = {isa = PBXBuildFile; fileRef = 88F25BA270A74D95A16A1E66 /* Cocoa.framework */; };
		E4C75F01D268010919EF5BC0 /* PrivacyInfo.xcprivacy in Resources */ = {isa = PBXBuildFile; fileRef = A0F598A9652989C3BBF26AB1 /* PrivacyInfo.xcprivacy */; };
		E7CBF2CE99A182A6289C21E5 /* Cocoa.framework in Frameworks */ = {isa = PBXBuildFile; fileRef = 88F25BA270A74D95A16A1E66 /* Cocoa.framework */; };
		EC74EAE55CC475AF1F181090 /* StowShare-macOS.appex in Embed App Extensions */ = {isa = PBXBuildFile; fileRef = F5E3DD15D8FF6C335C2EDE96 /* StowShare-macOS.appex */; };
		ED41C03F67A50F0A1B267E32 /* DirectPasteService.swift in Sources */ = {isa = PBXBuildFile; fileRef = 1F9F9F6B2E421C9F487757F1 /* DirectPasteService.swift */; };
		EDD4899E3D9881AEC8116D19 /* StowCore in Frameworks */ = {isa = PBXBuildFile; productRef = 32160B1FE80E7FE187769E2B /* StowCore */; };
		F00E9CD4640AA8DA5F6CA82D /* StowCore in Frameworks */ = {isa = PBXBuildFile; productRef = 7DAF7A9598D9FE73B0B91304 /* StowCore */; };
		F1AD1E5A72E0FF745A77BD6F /* StowShareButton.swift in Sources */ = {isa = PBXBuildFile; fileRef = B1EBB22F5F7039DDD1E4C99C /* StowShareButton.swift */; };
		F2AD6FA654A8BA85C2C822A5 /* stow in Embed Stow CLI */ = {isa = PBXBuildFile; fileRef = 70941375C228F11F7D9C372C /* stow */; settings = {ATTRIBUTES = (CodeSignOnCopy, ); }; };
		FB73C3653F14A20F8F824CAC /* AppModel.swift in Sources */ = {isa = PBXBuildFile; fileRef = F1A788C3A02C767C90473AE2 /* AppModel.swift */; };
		FD4B30D93980AE2F28177A94 /* StowShare-iOS.appex in Embed App Extensions */ = {isa = PBXBuildFile; fileRef = C5920C9752B2A448AF5CD10B /* StowShare-iOS.appex */; };
		FD64EE610CCBC4743EAFE394 /* StowIOSApp.swift in Sources */ = {isa = PBXBuildFile; fileRef = 3199F91B513E811538896E33 /* StowIOSApp.swift */; };
/* End PBXBuildFile section */

/* Begin PBXContainerItemProxy section */
		57DE962389CB9CD9E199AB3B /* PBXContainerItemProxy */ = {
			isa = PBXContainerItemProxy;
			containerPortal = 09CD628746B000835BD7FAA5 /* Project object */;
			proxyType = 1;
			remoteGlobalIDString = 71B4DCA92EEDEC4752023861;
			remoteInfo = "StowShare-macOS";
		};
		7C408365B7751A864B789F1D /* PBXContainerItemProxy */ = {
			isa = PBXContainerItemProxy;
			containerPortal = 09CD628746B000835BD7FAA5 /* Project object */;
			proxyType = 1;
			remoteGlobalIDString = B85C78F25B372CE8122E5908;
			remoteInfo = StowCLI;
		};
		88BBBA7F5A5C0A8B4EBD08C8 /* PBXContainerItemProxy */ = {
			isa = PBXContainerItemProxy;
			containerPortal = 09CD628746B000835BD7FAA5 /* Project object */;
			proxyType = 1;
			remoteGlobalIDString = 0A123F75AB15183256D77A63;
			remoteInfo = "Stow-macOS";
		};
		A032EB00A95D25FEBBDBAC99 /* PBXContainerItemProxy */ = {
			isa = PBXContainerItemProxy;
			containerPortal = 09CD628746B000835BD7FAA5 /* Project object */;
			proxyType = 1;
			remoteGlobalIDString = A441AE41BECF3A71B7CAF289;
			remoteInfo = "Stow-iOS";
		};
		B3311808967ABA498D7E6DA8 /* PBXContainerItemProxy */ = {
			isa = PBXContainerItemProxy;
			containerPortal = 09CD628746B000835BD7FAA5 /* Project object */;
			proxyType = 1;
			remoteGlobalIDString = 0A123F75AB15183256D77A63;
			remoteInfo = "Stow-macOS";
		};
		EF078FCDF21D0FA1DF9F10D0 /* PBXContainerItemProxy */ = {
			isa = PBXContainerItemProxy;
			containerPortal = 09CD628746B000835BD7FAA5 /* Project object */;
			proxyType = 1;
			remoteGlobalIDString = 293FE42FD8747627690B68A3;
			remoteInfo = "StowShare-iOS";
		};
/* End PBXContainerItemProxy section */

/* Begin PBXCopyFilesBuildPhase section */
		02EA8A82E0DE124114963779 /* Embed App Extensions */ = {
			isa = PBXCopyFilesBuildPhase;
			buildActionMask = 2147483647;
			dstPath = "";
			dstSubfolderSpec = 13;
			files = (
				EC74EAE55CC475AF1F181090 /* StowShare-macOS.appex in Embed App Extensions */,
			);
			name = "Embed App Extensions";
			runOnlyForDeploymentPostprocessing = 0;
		};
		03869120D78AA51C7E46635D /* Embed Stow CLI */ = {
			isa = PBXCopyFilesBuildPhase;
			buildActionMask = 2147483647;
			dstPath = Contents/Helpers;
			dstSubfolderSpec = 1;
			files = (
				F2AD6FA654A8BA85C2C822A5 /* stow in Embed Stow CLI */,
			);
			name = "Embed Stow CLI";
			runOnlyForDeploymentPostprocessing = 0;
		};
		C05C650E58C822B72ED72876 /* Embed App Extensions */ = {
			isa = PBXCopyFilesBuildPhase;
			buildActionMask = 2147483647;
			dstPath = "";
			dstSubfolderSpec = 13;
			files = (
				FD4B30D93980AE2F28177A94 /* StowShare-iOS.appex in Embed App Extensions */,
			);
			name = "Embed App Extensions";
			runOnlyForDeploymentPostprocessing = 0;
		};
/* End PBXCopyFilesBuildPhase section */

/* Begin PBXFileReference section */
		008E4A32C265AEB64DFA15D2 /* Stow-macOS.entitlements */ = {isa = PBXFileReference; includeInIndex = 1; lastKnownFileType = text.plist.entitlements; path = "Stow-macOS.entitlements"; sourceTree = "<group>"; };
		008EFDAA6EB372C8425C6EF5 /* QuickPanelInteractionPolicy.swift */ = {isa = PBXFileReference; includeInIndex = 1; lastKnownFileType = sourcecode.swift; path = QuickPanelInteractionPolicy.swift; sourceTree = "<group>"; };
		0371DB2A71163029C9B84363 /* macOS-App-Info.plist */ = {isa = PBXFileReference; includeInIndex = 1; lastKnownFileType = text.plist.xml; path = "macOS-App-Info.plist"; sourceTree = "<group>"; };
		04159F53C9D66A6EB44369C5 /* RetrievalPanel.swift */ = {isa = PBXFileReference; includeInIndex = 1; lastKnownFileType = sourcecode.swift; path = RetrievalPanel.swift; sourceTree = "<group>"; };
		04722B36F6A24EDB0CB47328 /* StowCLIArguments.swift */ = {isa = PBXFileReference; includeInIndex = 1; lastKnownFileType = sourcecode.swift; path = StowCLIArguments.swift; sourceTree = "<group>"; };
		061D790D7B2D6919DD72F0A5 /* ItemCollectionView.swift */ = {isa = PBXFileReference; includeInIndex = 1; lastKnownFileType = sourcecode.swift; path = ItemCollectionView.swift; sourceTree = "<group>"; };
		074E2C6917AEE20A6DD278AC /* Stow-iOS.app */ = {isa = PBXFileReference; explicitFileType = wrapper.application; includeInIndex = 0; path = "Stow-iOS.app"; sourceTree = BUILT_PRODUCTS_DIR; };
		0AC9CBC468614B5247D69062 /* LinkMetadataEnricher.swift */ = {isa = PBXFileReference; includeInIndex = 1; lastKnownFileType = sourcecode.swift; path = LinkMetadataEnricher.swift; sourceTree = "<group>"; };
		17A0752CAD179C3226808960 /* ClipboardCapturePolicyTests.swift */ = {isa = PBXFileReference; includeInIndex = 1; lastKnownFileType = sourcecode.swift; path = ClipboardCapturePolicyTests.swift; sourceTree = "<group>"; };
		18D22349BBF50A1B0A68CED5 /* StowMacUITests.swift */ = {isa = PBXFileReference; includeInIndex = 1; lastKnownFileType = sourcecode.swift; path = StowMacUITests.swift; sourceTree = "<group>"; };
		1B8F85AB2B2B8C312C6807D6 /* GlobalHotKeyService.swift */ = {isa = PBXFileReference; includeInIndex = 1; lastKnownFileType = sourcecode.swift; path = GlobalHotKeyService.swift; sourceTree = "<group>"; };
		1EE50CB633249D9FBB7D981D /* StowSettingsView.swift */ = {isa = PBXFileReference; includeInIndex = 1; lastKnownFileType = sourcecode.swift; path = StowSettingsView.swift; sourceTree = "<group>"; };
		1F9F9F6B2E421C9F487757F1 /* DirectPasteService.swift */ = {isa = PBXFileReference; includeInIndex = 1; lastKnownFileType = sourcecode.swift; path = DirectPasteService.swift; sourceTree = "<group>"; };
		20861C0C7D42B4D7AE5436A5 /* StowUITests.swift */ = {isa = PBXFileReference; includeInIndex = 1; lastKnownFileType = sourcecode.swift; path = StowUITests.swift; sourceTree = "<group>"; };
		2815E820FBD0EA174CB9F54E /* StowCLI.entitlements */ = {isa = PBXFileReference; includeInIndex = 1; lastKnownFileType = text.plist.entitlements; path = StowCLI.entitlements; sourceTree = "<group>"; };
		2BD28696172EFAF834904242 /* MacLibraryView.swift */ = {isa = PBXFileReference; includeInIndex = 1; lastKnownFileType = sourcecode.swift; path = MacLibraryView.swift; sourceTree = "<group>"; };
		2C4CA1D0548D990E1A2C30B9 /* ShareViewController.swift */ = {isa = PBXFileReference; includeInIndex = 1; lastKnownFileType = sourcecode.swift; path = ShareViewController.swift; sourceTree = "<group>"; };
		3009824E255176B20F234EF6 /* macOS-Share-Info.plist */ = {isa = PBXFileReference; includeInIndex = 1; lastKnownFileType = text.plist.xml; path = "macOS-Share-Info.plist"; sourceTree = "<group>"; };
		3199F91B513E811538896E33 /* StowIOSApp.swift */ = {isa = PBXFileReference; includeInIndex = 1; lastKnownFileType = sourcecode.swift; path = StowIOSApp.swift; sourceTree = "<group>"; };
		39F81DC4C7481BE31BAC9FD1 /* StowMacApp.swift */ = {isa = PBXFileReference; includeInIndex = 1; lastKnownFileType = sourcecode.swift; path = StowMacApp.swift; sourceTree = "<group>"; };
		42E1B8DDC8BF8D6E9CD4E3F9 /* StowAutomationController.swift */ = {isa = PBXFileReference; includeInIndex = 1; lastKnownFileType = sourcecode.swift; path = StowAutomationController.swift; sourceTree = "<group>"; };
		4C7FCF4EF5576824A9023641 /* StowMacUITests.xctest */ = {isa = PBXFileReference; explicitFileType = wrapper.cfbundle; includeInIndex = 0; path = StowMacUITests.xctest; sourceTree = BUILT_PRODUCTS_DIR; };
		4CB363791AA22090C79D9D07 /* Test-Info.plist */ = {isa = PBXFileReference; includeInIndex = 1; lastKnownFileType = text.plist.xml; path = "Test-Info.plist"; sourceTree = "<group>"; };
		4D52B78EE43BAC5A13212936 /* StowAppTests.xctest */ = {isa = PBXFileReference; explicitFileType = wrapper.cfbundle; includeInIndex = 0; path = StowAppTests.xctest; sourceTree = BUILT_PRODUCTS_DIR; };
		4E3E27FBE9EC95BA0A16898F /* StowAppSmokeTests.swift */ = {isa = PBXFileReference; includeInIndex = 1; lastKnownFileType = sourcecode.swift; path = StowAppSmokeTests.swift; sourceTree = "<group>"; };
		4FBA2CF41EEC1E2F46E98F83 /* MacSettingsView.swift */ = {isa = PBXFileReference; includeInIndex = 1; lastKnownFileType = sourcecode.swift; path = MacSettingsView.swift; sourceTree = "<group>"; };
		500C1BBFCFC4402E903DF2B6 /* Stow-iOS.entitlements */ = {isa = PBXFileReference; includeInIndex = 1; lastKnownFileType = text.plist.entitlements; path = "Stow-iOS.entitlements"; sourceTree = "<group>"; };
		571648D88CEDE083A904CD5E /* StowAutomationHostService.swift */ = {isa = PBXFileReference; includeInIndex = 1; lastKnownFileType = sourcecode.swift; path = StowAutomationHostService.swift; sourceTree = "<group>"; };
		5AA4E3F88A701621CF669EE0 /* MacLibraryPresentationTests.swift */ = {isa = PBXFileReference; includeInIndex = 1; lastKnownFileType = sourcecode.swift; path = MacLibraryPresentationTests.swift; sourceTree = "<group>"; };
		5B6733E5C9BC22E5B7E84A64 /* RetrievalPastePolicy.swift */ = {isa = PBXFileReference; includeInIndex = 1; lastKnownFileType = sourcecode.swift; path = RetrievalPastePolicy.swift; sourceTree = "<group>"; };
		61DA884D5357A0305F36D0EE /* Stow-macOS.app */ = {isa = PBXFileReference; explicitFileType = wrapper.application; includeInIndex = 0; path = "Stow-macOS.app"; sourceTree = BUILT_PRODUCTS_DIR; };
		62770EB4996C3073DB0C5D8F /* StowRootView.swift */ = {isa = PBXFileReference; includeInIndex = 1; lastKnownFileType = sourcecode.swift; path = StowRootView.swift; sourceTree = "<group>"; };
		63876FB1BA1B1B47D8D6423D /* ClipboardCapturePolicy.swift */ = {isa = PBXFileReference; includeInIndex = 1; lastKnownFileType = sourcecode.swift; path = ClipboardCapturePolicy.swift; sourceTree = "<group>"; };
		642C909D2A33BCFA13AED8BF /* QuickAddView.swift */ = {isa = PBXFileReference; includeInIndex = 1; lastKnownFileType = sourcecode.swift; path = QuickAddView.swift; sourceTree = "<group>"; };
		65609923175544A55AAF431B /* StowEnvironment.swift */ = {isa = PBXFileReference; includeInIndex = 1; lastKnownFileType = sourcecode.swift; path = StowEnvironment.swift; sourceTree = "<group>"; };
		65DE82C2D88B50242DC118F1 /* MacSettingsModels.swift */ = {isa = PBXFileReference; includeInIndex = 1; lastKnownFileType = sourcecode.swift; path = MacSettingsModels.swift; sourceTree = "<group>"; };
		6660F23F777BE9A4EE938C64 /* Assets.xcassets */ = {isa = PBXFileReference; includeInIndex = 1; lastKnownFileType = folder.assetcatalog; path = Assets.xcassets; sourceTree = "<group>"; };
		70941375C228F11F7D9C372C /* stow */ = {isa = PBXFileReference; includeInIndex = 0; name = stow; path = stow; sourceTree = BUILT_PRODUCTS_DIR; };
		7BAF05A1E718374342238EDB /* ShareCaptureModel.swift */ = {isa = PBXFileReference; includeInIndex = 1; lastKnownFileType = sourcecode.swift; path = ShareCaptureModel.swift; sourceTree = "<group>"; };
		8268FB9AF797B5657A4590B4 /* QuickPanelInteractionPolicyTests.swift */ = {isa = PBXFileReference; includeInIndex = 1; lastKnownFileType = sourcecode.swift; path = QuickPanelInteractionPolicyTests.swift; sourceTree = "<group>"; };
		88F25BA270A74D95A16A1E66 /* Cocoa.framework */ = {isa = PBXFileReference; lastKnownFileType = wrapper.framework; name = Cocoa.framework; path = Platforms/MacOSX.platform/Developer/SDKs/MacOSX26.0.sdk/System/Library/Frameworks/Cocoa.framework; sourceTree = DEVELOPER_DIR; };
		909F664C7DE4664231DE0DDA /* ShareCaptureView.swift */ = {isa = PBXFileReference; includeInIndex = 1; lastKnownFileType = sourcecode.swift; path = ShareCaptureView.swift; sourceTree = "<group>"; };
		91B33E680670ACB29F6A5313 /* PlatformActionsPasteTests.swift */ = {isa = PBXFileReference; includeInIndex = 1; lastKnownFileType = sourcecode.swift; path = PlatformActionsPasteTests.swift; sourceTree = "<group>"; };
		928EF9DF210766C0C8370C11 /* StowUITests.xctest */ = {isa = PBXFileReference; explicitFileType = wrapper.cfbundle; includeInIndex = 0; path = StowUITests.xctest; sourceTree = BUILT_PRODUCTS_DIR; };
		93B6B9B1B5DD15BFB3832C2E /* MacSettingsModelsTests.swift */ = {isa = PBXFileReference; includeInIndex = 1; lastKnownFileType = sourcecode.swift; path = MacSettingsModelsTests.swift; sourceTree = "<group>"; };
		9548A44E512CA4728F1F6455 /* StowAutomationHostServiceTests.swift */ = {isa = PBXFileReference; includeInIndex = 1; lastKnownFileType = sourcecode.swift; path = StowAutomationHostServiceTests.swift; sourceTree = "<group>"; };
		99D16B4D139A504E85F533A7 /* RetrievalPanelController.swift */ = {isa = PBXFileReference; includeInIndex = 1; lastKnownFileType = sourcecode.swift; path = RetrievalPanelController.swift; sourceTree = "<group>"; };
		A0F598A9652989C3BBF26AB1 /* PrivacyInfo.xcprivacy */ = {isa = PBXFileReference; includeInIndex = 1; path = PrivacyInfo.xcprivacy; sourceTree = "<group>"; };
		A161A39A2726A44D95CC80AD /* iOS-App-Info.plist */ = {isa = PBXFileReference; includeInIndex = 1; lastKnownFileType = text.plist.xml; path = "iOS-App-Info.plist"; sourceTree = "<group>"; };
		A38D6A71B9F0AE1BACB3E422 /* SearchIndexRecoveryTests.swift */ = {isa = PBXFileReference; includeInIndex = 1; lastKnownFileType = sourcecode.swift; path = SearchIndexRecoveryTests.swift; sourceTree = "<group>"; };
		AABBCD997ABEE9CDC74D5E46 /* MacAppCoordinator.swift */ = {isa = PBXFileReference; includeInIndex = 1; lastKnownFileType = sourcecode.swift; path = MacAppCoordinator.swift; sourceTree = "<group>"; };
		B1915A735094A8DA02C7E4B8 /* RetrievalPastePolicyTests.swift */ = {isa = PBXFileReference; includeInIndex = 1; lastKnownFileType = sourcecode.swift; path = RetrievalPastePolicyTests.swift; sourceTree = "<group>"; };
		B1EBB22F5F7039DDD1E4C99C /* StowShareButton.swift */ = {isa = PBXFileReference; includeInIndex = 1; lastKnownFileType = sourcecode.swift; path = StowShareButton.swift; sourceTree = "<group>"; };
		B299554E793B70AAC1FAA217 /* StowShare-macOS.entitlements */ = {isa = PBXFileReference; includeInIndex = 1; lastKnownFileType = text.plist.entitlements; path = "StowShare-macOS.entitlements"; sourceTree = "<group>"; };
		B9F5D2150A0AD1BA3871AD20 /* QuickPanelClosePolicyTests.swift */ = {isa = PBXFileReference; includeInIndex = 1; lastKnownFileType = sourcecode.swift; path = QuickPanelClosePolicyTests.swift; sourceTree = "<group>"; };
		C5920C9752B2A448AF5CD10B /* StowShare-iOS.appex */ = {isa = PBXFileReference; explicitFileType = "wrapper.app-extension"; includeInIndex = 0; path = "StowShare-iOS.appex"; sourceTree = BUILT_PRODUCTS_DIR; };
		D36769836B9B583C2DBDF0A3 /* Foundation.framework */ = {isa = PBXFileReference; lastKnownFileType = wrapper.framework; name = Foundation.framework; path = Platforms/iPhoneOS.platform/Developer/SDKs/iPhoneOS26.0.sdk/System/Library/Frameworks/Foundation.framework; sourceTree = DEVELOPER_DIR; };
		D7939A46D387B931EDA357A7 /* StowCLI.swift */ = {isa = PBXFileReference; includeInIndex = 1; lastKnownFileType = sourcecode.swift; path = StowCLI.swift; sourceTree = "<group>"; };
		E6E3A9F6FD22EDA93666188A /* StowCLIClient.swift */ = {isa = PBXFileReference; includeInIndex = 1; lastKnownFileType = sourcecode.swift; path = StowCLIClient.swift; sourceTree = "<group>"; };
		E7EB6C816F13BF14CFFA69C7 /* StowItemDetailView.swift */ = {isa = PBXFileReference; includeInIndex = 1; lastKnownFileType = sourcecode.swift; path = StowItemDetailView.swift; sourceTree = "<group>"; };
		EAAEDFA2CD3B9F2AD9D3ADEF /* ShareViewController.swift */ = {isa = PBXFileReference; includeInIndex = 1; lastKnownFileType = sourcecode.swift; path = ShareViewController.swift; sourceTree = "<group>"; };
		EAEE01F6C64611BFE6E3ABC5 /* StowCLIOutput.swift */ = {isa = PBXFileReference; includeInIndex = 1; lastKnownFileType = sourcecode.swift; path = StowCLIOutput.swift; sourceTree = "<group>"; };
		EC4A54AE40FC6465A7533342 /* PlatformActions.swift */ = {isa = PBXFileReference; includeInIndex = 1; lastKnownFileType = sourcecode.swift; path = PlatformActions.swift; sourceTree = "<group>"; };
		ED3565F64F56BD1F2D177D78 /* StowShare-iOS.entitlements */ = {isa = PBXFileReference; includeInIndex = 1; lastKnownFileType = text.plist.entitlements; path = "StowShare-iOS.entitlements"; sourceTree = "<group>"; };
		F0296D3DEFBC555181CD4351 /* QuickPanelClosePolicy.swift */ = {isa = PBXFileReference; includeInIndex = 1; lastKnownFileType = sourcecode.swift; path = QuickPanelClosePolicy.swift; sourceTree = "<group>"; };
		F03AEBB8168297D598236B72 /* GlobalHotKeyServiceTests.swift */ = {isa = PBXFileReference; includeInIndex = 1; lastKnownFileType = sourcecode.swift; path = GlobalHotKeyServiceTests.swift; sourceTree = "<group>"; };
		F0ED6D07067834B666E0CD1C /* iOS-Share-Info.plist */ = {isa = PBXFileReference; includeInIndex = 1; lastKnownFileType = text.plist.xml; path = "iOS-Share-Info.plist"; sourceTree = "<group>"; };
		F147E3BB48B5B946CE29B474 /* CloudSyncMonitor.swift */ = {isa = PBXFileReference; includeInIndex = 1; lastKnownFileType = sourcecode.swift; path = CloudSyncMonitor.swift; sourceTree = "<group>"; };
		F1A788C3A02C767C90473AE2 /* AppModel.swift */ = {isa = PBXFileReference; includeInIndex = 1; lastKnownFileType = sourcecode.swift; path = AppModel.swift; sourceTree = "<group>"; };
		F5E3DD15D8FF6C335C2EDE96 /* StowShare-macOS.appex */ = {isa = PBXFileReference; explicitFileType = "wrapper.app-extension"; includeInIndex = 0; path = "StowShare-macOS.appex"; sourceTree = BUILT_PRODUCTS_DIR; };
		FE2D74B59FF32398BE1C3BC9 /* MacLibraryPresentation.swift */ = {isa = PBXFileReference; includeInIndex = 1; lastKnownFileType = sourcecode.swift; path = MacLibraryPresentation.swift; sourceTree = "<group>"; };
/* End PBXFileReference section */

/* Begin PBXFrameworksBuildPhase section */
		5825DF98C9B70D69A982450B /* Frameworks */ = {
			isa = PBXFrameworksBuildPhase;
			buildActionMask = 2147483647;
			files = (
				D74F049CC6950130CE1287DD /* Cocoa.framework in Frameworks */,
				EDD4899E3D9881AEC8116D19 /* StowCore in Frameworks */,
			);
			runOnlyForDeploymentPostprocessing = 0;
		};
		73D1FDB5FCE2DAB4FA1BF38A /* Frameworks */ = {
			isa = PBXFrameworksBuildPhase;
			buildActionMask = 2147483647;
			files = (
				B74A1D411A5B9CD061F1A385 /* Cocoa.framework in Frameworks */,
				02F41832A3322681501ED2A6 /* StowCore in Frameworks */,
			);
			runOnlyForDeploymentPostprocessing = 0;
		};
		8F132BFC993710BA2389D44C /* Frameworks */ = {
			isa = PBXFrameworksBuildPhase;
			buildActionMask = 2147483647;
			files = (
				173118C86FEDD468E0A1834D /* Foundation.framework in Frameworks */,
			);
			runOnlyForDeploymentPostprocessing = 0;
		};
		ABFB95EA738D087F367B44B2 /* Frameworks */ = {
			isa = PBXFrameworksBuildPhase;
			buildActionMask = 2147483647;
			files = (
				E7CBF2CE99A182A6289C21E5 /* Cocoa.framework in Frameworks */,
				585F26011487F7F1300C21C8 /* StowCore in Frameworks */,
			);
			runOnlyForDeploymentPostprocessing = 0;
		};
		AC28C9BD66416B2D3AF947B5 /* Frameworks */ = {
			isa = PBXFrameworksBuildPhase;
			buildActionMask = 2147483647;
			files = (
				D14406266C6BBD9F98587BD3 /* Foundation.framework in Frameworks */,
				7B98E0CC1F819C99BABD6F2A /* StowCore in Frameworks */,
			);
			runOnlyForDeploymentPostprocessing = 0;
		};
		CA45542BDE1B0C73D7AE584C /* Frameworks */ = {
			isa = PBXFrameworksBuildPhase;
			buildActionMask = 2147483647;
			files = (
				712173A238D42D732161F9AD /* Cocoa.framework in Frameworks */,
			);
			runOnlyForDeploymentPostprocessing = 0;
		};
		E93DE6BBE20208C04ECA89BC /* Frameworks */ = {
			isa = PBXFrameworksBuildPhase;
			buildActionMask = 2147483647;
			files = (
				3524C6AB332196EC21353A4A /* Foundation.framework in Frameworks */,
				F00E9CD4640AA8DA5F6CA82D /* StowCore in Frameworks */,
			);
			runOnlyForDeploymentPostprocessing = 0;
		};
		F363D1CF5D907F3401B55EF3 /* Frameworks */ = {
			isa = PBXFrameworksBuildPhase;
			buildActionMask = 2147483647;
			files = (
				E24BCF496FDB2534023436F1 /* Cocoa.framework in Frameworks */,
				9C9E044853868B3A10789617 /* StowCore in Frameworks */,
			);
			runOnlyForDeploymentPostprocessing = 0;
		};
/* End PBXFrameworksBuildPhase section */

/* Begin PBXGroup section */
		0D5A78160EFA0D3BA090CDB7 /* StowMacUITests */ = {
			isa = PBXGroup;
			children = (
				18D22349BBF50A1B0A68CED5 /* StowMacUITests.swift */,
			);
			name = StowMacUITests;
			path = StowMacUITests;
			sourceTree = "<group>";
		};
		12A67A6C33E0FA7014422E06 /* iOS */ = {
			isa = PBXGroup;
			children = (
				EAAEDFA2CD3B9F2AD9D3ADEF /* ShareViewController.swift */,
			);
			name = iOS;
			path = StowShare/iOS;
			sourceTree = "<group>";
		};
		5AFE86524C94F5957A625C4B /* Resources */ = {
			isa = PBXGroup;
			children = (
				6660F23F777BE9A4EE938C64 /* Assets.xcassets */,
			);
			name = Resources;
			path = Resources;
			sourceTree = "<group>";
		};
		5FB44A67206DCCFC7FB84AAB /* Shared */ = {
			isa = PBXGroup;
			children = (
				F1A788C3A02C767C90473AE2 /* AppModel.swift */,
				F147E3BB48B5B946CE29B474 /* CloudSyncMonitor.swift */,
				061D790D7B2D6919DD72F0A5 /* ItemCollectionView.swift */,
				0AC9CBC468614B5247D69062 /* LinkMetadataEnricher.swift */,
				EC4A54AE40FC6465A7533342 /* PlatformActions.swift */,
				642C909D2A33BCFA13AED8BF /* QuickAddView.swift */,
				65609923175544A55AAF431B /* StowEnvironment.swift */,
				E7EB6C816F13BF14CFFA69C7 /* StowItemDetailView.swift */,
				62770EB4996C3073DB0C5D8F /* StowRootView.swift */,
				1EE50CB633249D9FBB7D981D /* StowSettingsView.swift */,
				B1EBB22F5F7039DDD1E4C99C /* StowShareButton.swift */,
			);
			name = Shared;
			path = StowApp/Shared;
			sourceTree = "<group>";
		};
		662F08B7826B526C29B01BF6 /* StowCLI */ = {
			isa = PBXGroup;
			children = (
				D7939A46D387B931EDA357A7 /* StowCLI.swift */,
				04722B36F6A24EDB0CB47328 /* StowCLIArguments.swift */,
				E6E3A9F6FD22EDA93666188A /* StowCLIClient.swift */,
				EAEE01F6C64611BFE6E3ABC5 /* StowCLIOutput.swift */,
			);
			name = StowCLI;
			path = Packages/StowCore/Sources/StowCLI;
			sourceTree = "<group>";
		};
		78058F75C5DA47EEFDDB6ADD = {
			isa = PBXGroup;
			children = (
				7F7EB6523FD779BA04AF07CA /* Products */,
				F7693BB2A8CC1381E2C685EE /* Frameworks */,
				8064E6F71EE4E598D6233911 /* Sources */,
				9A26247E8D6CB7A9706BDF2E /* Tests */,
				C01B090543476E617E65F227 /* Configuration */,
				5AFE86524C94F5957A625C4B /* Resources */,
				662F08B7826B526C29B01BF6 /* StowCLI */,
			);
			sourceTree = "<group>";
		};
		7F7EB6523FD779BA04AF07CA /* Products */ = {
			isa = PBXGroup;
			children = (
				074E2C6917AEE20A6DD278AC /* Stow-iOS.app */,
				61DA884D5357A0305F36D0EE /* Stow-macOS.app */,
				70941375C228F11F7D9C372C /* stow */,
				C5920C9752B2A448AF5CD10B /* StowShare-iOS.appex */,
				F5E3DD15D8FF6C335C2EDE96 /* StowShare-macOS.appex */,
				4D52B78EE43BAC5A13212936 /* StowAppTests.xctest */,
				928EF9DF210766C0C8370C11 /* StowUITests.xctest */,
				4C7FCF4EF5576824A9023641 /* StowMacUITests.xctest */,
			);
			name = Products;
			sourceTree = "<group>";
		};
		8064E6F71EE4E598D6233911 /* Sources */ = {
			isa = PBXGroup;
			children = (
				5FB44A67206DCCFC7FB84AAB /* Shared */,
				9690B273E3B422F650F6EC0D /* iOS */,
				E69FEC8D6D5DE3F568D750A7 /* macOS */,
				80C2B28CC43A22C93D1D90D1 /* Shared */,
				12A67A6C33E0FA7014422E06 /* iOS */,
				D5A9CF4CE2BDABE18FC81FFE /* macOS */,
			);
			name = Sources;
			path = Sources;
			sourceTree = "<group>";
		};
		80C2B28CC43A22C93D1D90D1 /* Shared */ = {
			isa = PBXGroup;
			children = (
				7BAF05A1E718374342238EDB /* ShareCaptureModel.swift */,
				909F664C7DE4664231DE0DDA /* ShareCaptureView.swift */,
			);
			name = Shared;
			path = StowShare/Shared;
			sourceTree = "<group>";
		};
		8122A9B0C0B3F9825635FAC8 /* StowAppTests */ = {
			isa = PBXGroup;
			children = (
				F03AEBB8168297D598236B72 /* GlobalHotKeyServiceTests.swift */,
				5AA4E3F88A701621CF669EE0 /* MacLibraryPresentationTests.swift */,
				93B6B9B1B5DD15BFB3832C2E /* MacSettingsModelsTests.swift */,
				B9F5D2150A0AD1BA3871AD20 /* QuickPanelClosePolicyTests.swift */,
				A38D6A71B9F0AE1BACB3E422 /* SearchIndexRecoveryTests.swift */,
				4E3E27FBE9EC95BA0A16898F /* StowAppSmokeTests.swift */,
				9548A44E512CA4728F1F6455 /* StowAutomationHostServiceTests.swift */,
				8268FB9AF797B5657A4590B4 /* QuickPanelInteractionPolicyTests.swift */,
				B1915A735094A8DA02C7E4B8 /* RetrievalPastePolicyTests.swift */,
				17A0752CAD179C3226808960 /* ClipboardCapturePolicyTests.swift */,
				91B33E680670ACB29F6A5313 /* PlatformActionsPasteTests.swift */,
			);
			name = StowAppTests;
			path = StowAppTests;
			sourceTree = "<group>";
		};
		9690B273E3B422F650F6EC0D /* iOS */ = {
			isa = PBXGroup;
			children = (
				3199F91B513E811538896E33 /* StowIOSApp.swift */,
			);
			name = iOS;
			path = StowApp/iOS;
			sourceTree = "<group>";
		};
		9A26247E8D6CB7A9706BDF2E /* Tests */ = {
			isa = PBXGroup;
			children = (
				8122A9B0C0B3F9825635FAC8 /* StowAppTests */,
				F8811DB521C3C05AA75AB215 /* StowUITests */,
				0D5A78160EFA0D3BA090CDB7 /* StowMacUITests */,
			);
			name = Tests;
			path = Tests;
			sourceTree = "<group>";
		};
		A4AFDB712C09838BCCACA16A /* OS X */ = {
			isa = PBXGroup;
			children = (
				88F25BA270A74D95A16A1E66 /* Cocoa.framework */,
			);
			name = "OS X";
			sourceTree = "<group>";
		};
		C01B090543476E617E65F227 /* Configuration */ = {
			isa = PBXGroup;
			children = (
				A161A39A2726A44D95CC80AD /* iOS-App-Info.plist */,
				0371DB2A71163029C9B84363 /* macOS-App-Info.plist */,
				F0ED6D07067834B666E0CD1C /* iOS-Share-Info.plist */,
				3009824E255176B20F234EF6 /* macOS-Share-Info.plist */,
				4CB363791AA22090C79D9D07 /* Test-Info.plist */,
				500C1BBFCFC4402E903DF2B6 /* Stow-iOS.entitlements */,
				008E4A32C265AEB64DFA15D2 /* Stow-macOS.entitlements */,
				2815E820FBD0EA174CB9F54E /* StowCLI.entitlements */,
				ED3565F64F56BD1F2D177D78 /* StowShare-iOS.entitlements */,
				B299554E793B70AAC1FAA217 /* StowShare-macOS.entitlements */,
				A0F598A9652989C3BBF26AB1 /* PrivacyInfo.xcprivacy */,
			);
			name = Configuration;
			path = Configuration;
			sourceTree = "<group>";
		};
		C59555F1E57ECE6BAA83D012 /* iOS */ = {
			isa = PBXGroup;
			children = (
				D36769836B9B583C2DBDF0A3 /* Foundation.framework */,
			);
			name = iOS;
			sourceTree = "<group>";
		};
		D5A9CF4CE2BDABE18FC81FFE /* macOS */ = {
			isa = PBXGroup;
			children = (
				2C4CA1D0548D990E1A2C30B9 /* ShareViewController.swift */,
			);
			name = macOS;
			path = StowShare/macOS;
			sourceTree = "<group>";
		};
		E69FEC8D6D5DE3F568D750A7 /* macOS */ = {
			isa = PBXGroup;
			children = (
				1F9F9F6B2E421C9F487757F1 /* DirectPasteService.swift */,
				1B8F85AB2B2B8C312C6807D6 /* GlobalHotKeyService.swift */,
				AABBCD997ABEE9CDC74D5E46 /* MacAppCoordinator.swift */,
				FE2D74B59FF32398BE1C3BC9 /* MacLibraryPresentation.swift */,
				2BD28696172EFAF834904242 /* MacLibraryView.swift */,
				65DE82C2D88B50242DC118F1 /* MacSettingsModels.swift */,
				4FBA2CF41EEC1E2F46E98F83 /* MacSettingsView.swift */,
				F0296D3DEFBC555181CD4351 /* QuickPanelClosePolicy.swift */,
				04159F53C9D66A6EB44369C5 /* RetrievalPanel.swift */,
				99D16B4D139A504E85F533A7 /* RetrievalPanelController.swift */,
				42E1B8DDC8BF8D6E9CD4E3F9 /* StowAutomationController.swift */,
				571648D88CEDE083A904CD5E /* StowAutomationHostService.swift */,
				39F81DC4C7481BE31BAC9FD1 /* StowMacApp.swift */,
				008EFDAA6EB372C8425C6EF5 /* QuickPanelInteractionPolicy.swift */,
				5B6733E5C9BC22E5B7E84A64 /* RetrievalPastePolicy.swift */,
				63876FB1BA1B1B47D8D6423D /* ClipboardCapturePolicy.swift */,
			);
			name = macOS;
			path = StowApp/macOS;
			sourceTree = "<group>";
		};
		F7693BB2A8CC1381E2C685EE /* Frameworks */ = {
			isa = PBXGroup;
			children = (
				C59555F1E57ECE6BAA83D012 /* iOS */,
				A4AFDB712C09838BCCACA16A /* OS X */,
			);
			name = Frameworks;
			sourceTree = "<group>";
		};
		F8811DB521C3C05AA75AB215 /* StowUITests */ = {
			isa = PBXGroup;
			children = (
				20861C0C7D42B4D7AE5436A5 /* StowUITests.swift */,
			);
			name = StowUITests;
			path = StowUITests;
			sourceTree = "<group>";
		};
/* End PBXGroup section */

/* Begin PBXNativeTarget section */
		0A123F75AB15183256D77A63 /* Stow-macOS */ = {
			isa = PBXNativeTarget;
			buildConfigurationList = F4FD05A591DECE17E4928A65 /* Build configuration list for PBXNativeTarget "Stow-macOS" */;
			buildPhases = (
				B8BE8B97B3DB82DC525430C5 /* Sources */,
				F363D1CF5D907F3401B55EF3 /* Frameworks */,
				512EE1CD8928579B71882D69 /* Resources */,
				03869120D78AA51C7E46635D /* Embed Stow CLI */,
				02EA8A82E0DE124114963779 /* Embed App Extensions */,
			);
			buildRules = (
			);
			dependencies = (
				A3126F13DCA028092A0616FF /* PBXTargetDependency */,
				8F81C3780BA53192C7526A6D /* PBXTargetDependency */,
			);
			name = "Stow-macOS";
			packageProductDependencies = (
				E7F7230ED27654007800CC99 /* StowCore */,
			);
			productName = "Stow-macOS";
			productReference = 61DA884D5357A0305F36D0EE /* Stow-macOS.app */;
			productType = "com.apple.product-type.application";
		};
		2040699D34DC4691D17EC53C /* StowMacUITests */ = {
			isa = PBXNativeTarget;
			buildConfigurationList = 447D1E8970F5FEA7414F5D7C /* Build configuration list for PBXNativeTarget "StowMacUITests" */;
			buildPhases = (
				5F8E7A499497446B57FCA3EB /* Sources */,
				CA45542BDE1B0C73D7AE584C /* Frameworks */,
				C083FF575AC83D8EAF141345 /* Resources */,
			);
			buildRules = (
			);
			dependencies = (
				D11BF9657D7BF4731857B331 /* PBXTargetDependency */,
			);
			name = StowMacUITests;
			productName = StowMacUITests;
			productReference = 4C7FCF4EF5576824A9023641 /* StowMacUITests.xctest */;
			productType = "com.apple.product-type.bundle.ui-testing";
		};
		293FE42FD8747627690B68A3 /* StowShare-iOS */ = {
			isa = PBXNativeTarget;
			buildConfigurationList = 27B7A1140B9E6274309B71DF /* Build configuration list for PBXNativeTarget "StowShare-iOS" */;
			buildPhases = (
				6A269231D0AC4CBA230342CE /* Sources */,
				E93DE6BBE20208C04ECA89BC /* Frameworks */,
				63732287991F47CF78A8E642 /* Resources */,
			);
			buildRules = (
			);
			dependencies = (
			);
			name = "StowShare-iOS";
			packageProductDependencies = (
				7DAF7A9598D9FE73B0B91304 /* StowCore */,
			);
			productName = "StowShare-iOS";
			productReference = C5920C9752B2A448AF5CD10B /* StowShare-iOS.appex */;
			productType = "com.apple.product-type.app-extension";
		};
		71B4DCA92EEDEC4752023861 /* StowShare-macOS */ = {
			isa = PBXNativeTarget;
			buildConfigurationList = 2A50B7C5E2381A382DCB09A4 /* Build configuration list for PBXNativeTarget "StowShare-macOS" */;
			buildPhases = (
				7DBE43A6C71918C581D5F9DF /* Sources */,
				ABFB95EA738D087F367B44B2 /* Frameworks */,
				36B7D47042399432C651013E /* Resources */,
			);
			buildRules = (
			);
			dependencies = (
			);
			name = "StowShare-macOS";
			packageProductDependencies = (
				3FC668A6993235FAC41BA43D /* StowCore */,
			);
			productName = "StowShare-macOS";
			productReference = F5E3DD15D8FF6C335C2EDE96 /* StowShare-macOS.appex */;
			productType = "com.apple.product-type.app-extension";
		};
		96BACF26E7EBB7FE1621E5EC /* StowAppTests */ = {
			isa = PBXNativeTarget;
			buildConfigurationList = BDA862F0948BB2AF6B6A0FEB /* Build configuration list for PBXNativeTarget "StowAppTests" */;
			buildPhases = (
				7055BFC93122B90B4571D72D /* Sources */,
				5825DF98C9B70D69A982450B /* Frameworks */,
				071E92B783A1D45A9F2F628C /* Resources */,
			);
			buildRules = (
			);
			dependencies = (
				39DFBFD7338E2874A2239D6E /* PBXTargetDependency */,
			);
			name = StowAppTests;
			packageProductDependencies = (
				32160B1FE80E7FE187769E2B /* StowCore */,
			);
			productName = StowAppTests;
			productReference = 4D52B78EE43BAC5A13212936 /* StowAppTests.xctest */;
			productType = "com.apple.product-type.bundle.unit-test";
		};
		A441AE41BECF3A71B7CAF289 /* Stow-iOS */ = {
			isa = PBXNativeTarget;
			buildConfigurationList = 063C8DD306351A9F9467311B /* Build configuration list for PBXNativeTarget "Stow-iOS" */;
			buildPhases = (
				EAB2D672CA4CE1A1B173EF07 /* Sources */,
				AC28C9BD66416B2D3AF947B5 /* Frameworks */,
				300A2094C2D5B1B2462858AC /* Resources */,
				C05C650E58C822B72ED72876 /* Embed App Extensions */,
			);
			buildRules = (
			);
			dependencies = (
				EA9112EA9711ECC8A4CEC53D /* PBXTargetDependency */,
			);
			name = "Stow-iOS";
			packageProductDependencies = (
				9657CA1729E7964460D1E599 /* StowCore */,
			);
			productName = "Stow-iOS";
			productReference = 074E2C6917AEE20A6DD278AC /* Stow-iOS.app */;
			productType = "com.apple.product-type.application";
		};
		B85C78F25B372CE8122E5908 /* StowCLI */ = {
			isa = PBXNativeTarget;
			buildConfigurationList = BF13D6B90DFC1386141F149E /* Build configuration list for PBXNativeTarget "StowCLI" */;
			buildPhases = (
				56C5E5C38F176F1ABB8A9CB3 /* Sources */,
				73D1FDB5FCE2DAB4FA1BF38A /* Frameworks */,
			);
			buildRules = (
			);
			dependencies = (
			);
			name = StowCLI;
			packageProductDependencies = (
				117F6D5238FBEDD7DDA4F0D7 /* StowCore */,
			);
			productName = StowCLI;
			productReference = 70941375C228F11F7D9C372C /* stow */;
			productType = "com.apple.product-type.tool";
		};
		F1DB628DA3C756799712159F /* StowUITests */ = {
			isa = PBXNativeTarget;
			buildConfigurationList = C9AAE3D959DE9809309FB0B5 /* Build configuration list for PBXNativeTarget "StowUITests" */;
			buildPhases = (
				A4F9632688769CEB8E8D03AC /* Sources */,
				8F132BFC993710BA2389D44C /* Frameworks */,
				A0891392F0F09730234B8CD5 /* Resources */,
			);
			buildRules = (
			);
			dependencies = (
				B20305C706F19993CD27B0AB /* PBXTargetDependency */,
			);
			name = StowUITests;
			productName = StowUITests;
			productReference = 928EF9DF210766C0C8370C11 /* StowUITests.xctest */;
			productType = "com.apple.product-type.bundle.ui-testing";
		};
/* End PBXNativeTarget section */

/* Begin PBXProject section */
		09CD628746B000835BD7FAA5 /* Project object */ = {
			isa = PBXProject;
			attributes = {
				LastSwiftUpdateCheck = 2660;
				LastUpgradeCheck = 2660;
			};
			buildConfigurationList = 12EA9B63F49AEF8389F30B97 /* Build configuration list for PBXProject "Stow" */;
			compatibilityVersion = "Xcode 3.2";
			developmentRegion = en;
			hasScannedForEncodings = 0;
			knownRegions = (
				en,
				Base,
			);
			mainGroup = 78058F75C5DA47EEFDDB6ADD;
			minimizedProjectReferenceProxies = 0;
			packageReferences = (
				9E102710A357AAF429B9697E /* XCLocalSwiftPackageReference "StowCore" */,
			);
			preferredProjectObjectVersion = 100;
			productRefGroup = 7F7EB6523FD779BA04AF07CA /* Products */;
			projectDirPath = "";
			projectRoot = "";
			targets = (
				A441AE41BECF3A71B7CAF289 /* Stow-iOS */,
				0A123F75AB15183256D77A63 /* Stow-macOS */,
				B85C78F25B372CE8122E5908 /* StowCLI */,
				293FE42FD8747627690B68A3 /* StowShare-iOS */,
				71B4DCA92EEDEC4752023861 /* StowShare-macOS */,
				96BACF26E7EBB7FE1621E5EC /* StowAppTests */,
				F1DB628DA3C756799712159F /* StowUITests */,
				2040699D34DC4691D17EC53C /* StowMacUITests */,
			);
		};
/* End PBXProject section */

/* Begin PBXResourcesBuildPhase section */
		071E92B783A1D45A9F2F628C /* Resources */ = {
			isa = PBXResourcesBuildPhase;
			buildActionMask = 2147483647;
			files = (
			);
			runOnlyForDeploymentPostprocessing = 0;
		};
		300A2094C2D5B1B2462858AC /* Resources */ = {
			isa = PBXResourcesBuildPhase;
			buildActionMask = 2147483647;
			files = (
				A63F5FD5CC41C1A2F24D0403 /* Assets.xcassets in Resources */,
				49642C8D13298848FBCF2A98 /* PrivacyInfo.xcprivacy in Resources */,
			);
			runOnlyForDeploymentPostprocessing = 0;
		};
		36B7D47042399432C651013E /* Resources */ = {
			isa = PBXResourcesBuildPhase;
			buildActionMask = 2147483647;
			files = (
				B91C380B76F1026EC5F8857A /* PrivacyInfo.xcprivacy in Resources */,
			);
			runOnlyForDeploymentPostprocessing = 0;
		};
		512EE1CD8928579B71882D69 /* Resources */ = {
			isa = PBXResourcesBuildPhase;
			buildActionMask = 2147483647;
			files = (
				A5111F307BE4DFA431F98260 /* Assets.xcassets in Resources */,
				E4C75F01D268010919EF5BC0 /* PrivacyInfo.xcprivacy in Resources */,
			);
			runOnlyForDeploymentPostprocessing = 0;
		};
		63732287991F47CF78A8E642 /* Resources */ = {
			isa = PBXResourcesBuildPhase;
			buildActionMask = 2147483647;
			files = (
				0E5C0DE98ABB35C2A1C56411 /* PrivacyInfo.xcprivacy in Resources */,
			);
			runOnlyForDeploymentPostprocessing = 0;
		};
		A0891392F0F09730234B8CD5 /* Resources */ = {
			isa = PBXResourcesBuildPhase;
			buildActionMask = 2147483647;
			files = (
			);
			runOnlyForDeploymentPostprocessing = 0;
		};
		C083FF575AC83D8EAF141345 /* Resources */ = {
			isa = PBXResourcesBuildPhase;
			buildActionMask = 2147483647;
			files = (
			);
			runOnlyForDeploymentPostprocessing = 0;
		};
/* End PBXResourcesBuildPhase section */

/* Begin PBXSourcesBuildPhase section */
		56C5E5C38F176F1ABB8A9CB3 /* Sources */ = {
			isa = PBXSourcesBuildPhase;
			buildActionMask = 2147483647;
			files = (
				58AE85D0C91B9D1179EABF51 /* StowCLI.swift in Sources */,
				DA95BB2F6B765A09D9B065E2 /* StowCLIArguments.swift in Sources */,
				B967F1C79A0D60966EC96A48 /* StowCLIClient.swift in Sources */,
				8B39A3D3B7396B470776763B /* StowCLIOutput.swift in Sources */,
			);
			runOnlyForDeploymentPostprocessing = 0;
		};
		5F8E7A499497446B57FCA3EB /* Sources */ = {
			isa = PBXSourcesBuildPhase;
			buildActionMask = 2147483647;
			files = (
				1BBF5C7C7098F614632BC985 /* StowMacUITests.swift in Sources */,
			);
			runOnlyForDeploymentPostprocessing = 0;
		};
		6A269231D0AC4CBA230342CE /* Sources */ = {
			isa = PBXSourcesBuildPhase;
			buildActionMask = 2147483647;
			files = (
				CC0B4946262A2CCBD2E94132 /* ShareCaptureModel.swift in Sources */,
				66FA28339005F538F8FDBA09 /* ShareCaptureView.swift in Sources */,
				524FFD1DB063D5EA584BC453 /* ShareViewController.swift in Sources */,
			);
			runOnlyForDeploymentPostprocessing = 0;
		};
		7055BFC93122B90B4571D72D /* Sources */ = {
			isa = PBXSourcesBuildPhase;
			buildActionMask = 2147483647;
			files = (
				ADB78E22AF47B6F12D985F40 /* GlobalHotKeyServiceTests.swift in Sources */,
				180EC89D39B1B924BA17B0CC /* MacLibraryPresentationTests.swift in Sources */,
				83CBDEFD5C405A0C3ECEBE29 /* MacSettingsModelsTests.swift in Sources */,
				53F61275A5381D01A9B277BF /* QuickPanelClosePolicyTests.swift in Sources */,
				C187AE432F4733FD6FFE18B1 /* SearchIndexRecoveryTests.swift in Sources */,
				DEA4C4CFED93C441F7F5667B /* StowAppSmokeTests.swift in Sources */,
				C9BA26FF6642532251BA86AC /* StowAutomationHostServiceTests.swift in Sources */,
				0040E8ACAF0BA962ECC4C10E /* QuickPanelInteractionPolicyTests.swift in Sources */,
				7A906DC89008AFE4D8F53C1F /* RetrievalPastePolicyTests.swift in Sources */,
				3FE03017DCA79963014B33A5 /* ClipboardCapturePolicyTests.swift in Sources */,
				536BC45488202B3FC8B488B6 /* PlatformActionsPasteTests.swift in Sources */,
			);
			runOnlyForDeploymentPostprocessing = 0;
		};
		7DBE43A6C71918C581D5F9DF /* Sources */ = {
			isa = PBXSourcesBuildPhase;
			buildActionMask = 2147483647;
			files = (
				CF0B90BD6DBDB3C2CE6F4AC6 /* ShareCaptureModel.swift in Sources */,
				0CC25AF3F07CE83453CCC6AA /* ShareCaptureView.swift in Sources */,
				D5B9A4D6D534F508C1B8F948 /* ShareViewController.swift in Sources */,
			);
			runOnlyForDeploymentPostprocessing = 0;
		};
		A4F9632688769CEB8E8D03AC /* Sources */ = {
			isa = PBXSourcesBuildPhase;
			buildActionMask = 2147483647;
			files = (
				2A615329E3B3562FD933D24E /* StowUITests.swift in Sources */,
			);
			runOnlyForDeploymentPostprocessing = 0;
		};
		B8BE8B97B3DB82DC525430C5 /* Sources */ = {
			isa = PBXSourcesBuildPhase;
			buildActionMask = 2147483647;
			files = (
				FB73C3653F14A20F8F824CAC /* AppModel.swift in Sources */,
				B1EBE7D451A342C1BEED25D8 /* CloudSyncMonitor.swift in Sources */,
				B276616F4661F3701DF38BEC /* ItemCollectionView.swift in Sources */,
				A6AB2DCFC7432EC9EB98C1AF /* LinkMetadataEnricher.swift in Sources */,
				8570C9E809B2BEE838315ECD /* PlatformActions.swift in Sources */,
				3587364194B208AF10331645 /* QuickAddView.swift in Sources */,
				121BCC372F99A382F2B4CAD7 /* StowEnvironment.swift in Sources */,
				15D1166F1EBF75006BB7021F /* StowItemDetailView.swift in Sources */,
				0000A022020A552CD7C0E4FE /* StowRootView.swift in Sources */,
				AFC4C386ECFBCA4EC3EA3C64 /* StowSettingsView.swift in Sources */,
				BD2CEE72A8182D5EA32B4BFC /* StowShareButton.swift in Sources */,
				ED41C03F67A50F0A1B267E32 /* DirectPasteService.swift in Sources */,
				288DF73937247A46479D8679 /* GlobalHotKeyService.swift in Sources */,
				7DA07133D77A780E2040383E /* MacAppCoordinator.swift in Sources */,
				2E745EA8446DDF61C91C6B51 /* MacLibraryPresentation.swift in Sources */,
				6AFCAB1BA0CC7E7801205C50 /* MacLibraryView.swift in Sources */,
				4BDC4E3043365F3AA0E181E6 /* MacSettingsModels.swift in Sources */,
				BD603001EB08CE1AD84F86E0 /* MacSettingsView.swift in Sources */,
				8B4B73C1069B4D2153F35D1A /* QuickPanelClosePolicy.swift in Sources */,
				5210F58E78013EB653A24411 /* RetrievalPanel.swift in Sources */,
				DBA34C017DDB8B9968355778 /* RetrievalPanelController.swift in Sources */,
				1A2E4B0B353AE15F54CC08E5 /* StowAutomationController.swift in Sources */,
				4266C990498CCCCE80A37B5A /* StowAutomationHostService.swift in Sources */,
				443BD966D5B29992F31F9E25 /* StowMacApp.swift in Sources */,
				28B225B533D3574A13705A3C /* QuickPanelInteractionPolicy.swift in Sources */,
				06CC30562FBCF097F85C79F3 /* RetrievalPastePolicy.swift in Sources */,
				1154CA4DB63B5897D714EAA6 /* ClipboardCapturePolicy.swift in Sources */,
			);
			runOnlyForDeploymentPostprocessing = 0;
		};
		EAB2D672CA4CE1A1B173EF07 /* Sources */ = {
			isa = PBXSourcesBuildPhase;
			buildActionMask = 2147483647;
			files = (
				082D29CEE8ACF133A0FE294E /* AppModel.swift in Sources */,
				BFCC329BACC1291E451CF58C /* CloudSyncMonitor.swift in Sources */,
				A99B7AF63195EFEF03B5E22F /* ItemCollectionView.swift in Sources */,
				4185E44A7F618A73A764B0BB /* LinkMetadataEnricher.swift in Sources */,
				C49A82B97998A654C647C4AB /* PlatformActions.swift in Sources */,
				4A78367CA533EFDF4A24CBCF /* QuickAddView.swift in Sources */,
				781B0389836AED519646E23B /* StowEnvironment.swift in Sources */,
				69570EAB317871AC7D481EB8 /* StowItemDetailView.swift in Sources */,
				BAF74C77D682986981AA2D39 /* StowRootView.swift in Sources */,
				B7C62B7BC894267E34EFC29F /* StowSettingsView.swift in Sources */,
				F1AD1E5A72E0FF745A77BD6F /* StowShareButton.swift in Sources */,
				FD64EE610CCBC4743EAFE394 /* StowIOSApp.swift in Sources */,
			);
			runOnlyForDeploymentPostprocessing = 0;
		};
/* End PBXSourcesBuildPhase section */

/* Begin PBXTargetDependency section */
		39DFBFD7338E2874A2239D6E /* PBXTargetDependency */ = {
			isa = PBXTargetDependency;
			name = "Stow-macOS";
			target = 0A123F75AB15183256D77A63 /* Stow-macOS */;
			targetProxy = 88BBBA7F5A5C0A8B4EBD08C8 /* PBXContainerItemProxy */;
		};
		8F81C3780BA53192C7526A6D /* PBXTargetDependency */ = {
			isa = PBXTargetDependency;
			name = "StowShare-macOS";
			target = 71B4DCA92EEDEC4752023861 /* StowShare-macOS */;
			targetProxy = 57DE962389CB9CD9E199AB3B /* PBXContainerItemProxy */;
		};
		A3126F13DCA028092A0616FF /* PBXTargetDependency */ = {
			isa = PBXTargetDependency;
			name = StowCLI;
			target = B85C78F25B372CE8122E5908 /* StowCLI */;
			targetProxy = 7C408365B7751A864B789F1D /* PBXContainerItemProxy */;
		};
		B20305C706F19993CD27B0AB /* PBXTargetDependency */ = {
			isa = PBXTargetDependency;
			name = "Stow-iOS";
			target = A441AE41BECF3A71B7CAF289 /* Stow-iOS */;
			targetProxy = A032EB00A95D25FEBBDBAC99 /* PBXContainerItemProxy */;
		};
		D11BF9657D7BF4731857B331 /* PBXTargetDependency */ = {
			isa = PBXTargetDependency;
			name = "Stow-macOS";
			target = 0A123F75AB15183256D77A63 /* Stow-macOS */;
			targetProxy = B3311808967ABA498D7E6DA8 /* PBXContainerItemProxy */;
		};
		EA9112EA9711ECC8A4CEC53D /* PBXTargetDependency */ = {
			isa = PBXTargetDependency;
			name = "StowShare-iOS";
			target = 293FE42FD8747627690B68A3 /* StowShare-iOS */;
			targetProxy = EF078FCDF21D0FA1DF9F10D0 /* PBXContainerItemProxy */;
		};
/* End PBXTargetDependency section */

/* Begin XCBuildConfiguration section */
		22BB6C63488717FE8CC978A6 /* Debug */ = {
			isa = XCBuildConfiguration;
			buildSettings = {
				ASSETCATALOG_COMPILER_GENERATE_SWIFT_ASSET_SYMBOL_EXTENSIONS = YES;
				CODE_SIGN_IDENTITY = "-";
				CODE_SIGN_STYLE = Automatic;
				CURRENT_PROJECT_VERSION = 1;
				DEVELOPMENT_TEAM = "";
				ENABLE_USER_SCRIPT_SANDBOXING = YES;
				GENERATE_INFOPLIST_FILE = NO;
				INFOPLIST_FILE = "Configuration/Test-Info.plist";
				MACOSX_DEPLOYMENT_TARGET = 14.0;
				MARKETING_VERSION = 0.1.1;
				PRODUCT_BUNDLE_IDENTIFIER = dev.narumi.stow.tests.ui.macos;
				PRODUCT_MODULE_NAME = StowMacUITests;
				SDKROOT = macosx;
				SWIFT_STRICT_CONCURRENCY = complete;
				SWIFT_VERSION = 6.0;
				TEST_TARGET_NAME = "Stow-macOS";
			};
			name = Debug;
		};
		2BC1E3DB2E1DDFCC2A484AAD /* Debug */ = {
			isa = XCBuildConfiguration;
			buildSettings = {
				ASSETCATALOG_COMPILER_GENERATE_SWIFT_ASSET_SYMBOL_EXTENSIONS = YES;
				CODE_SIGN_ENTITLEMENTS = Configuration/StowCLI.entitlements;
				CODE_SIGN_IDENTITY = "-";
				CODE_SIGN_STYLE = Automatic;
				CURRENT_PROJECT_VERSION = 1;
				DEVELOPMENT_TEAM = "";
				ENABLE_USER_SCRIPT_SANDBOXING = YES;
				GENERATE_INFOPLIST_FILE = NO;
				MACOSX_DEPLOYMENT_TARGET = 14.0;
				MARKETING_VERSION = 0.1.1;
				PRODUCT_BUNDLE_IDENTIFIER = dev.narumi.stow.cli;
				PRODUCT_MODULE_NAME = StowCLI;
				PRODUCT_NAME = stow;
				SDKROOT = macosx;
				SKIP_INSTALL = YES;
				SWIFT_STRICT_CONCURRENCY = complete;
				SWIFT_VERSION = 6.0;
			};
			name = Debug;
		};
		2D2A72722E81FF057C814AB5 /* Release */ = {
			isa = XCBuildConfiguration;
			buildSettings = {
				ASSETCATALOG_COMPILER_GENERATE_SWIFT_ASSET_SYMBOL_EXTENSIONS = YES;
				CODE_SIGN_STYLE = Automatic;
				CURRENT_PROJECT_VERSION = 1;
				DEVELOPMENT_TEAM = "";
				ENABLE_USER_SCRIPT_SANDBOXING = YES;
				GENERATE_INFOPLIST_FILE = NO;
				INFOPLIST_FILE = "Configuration/Test-Info.plist";
				MACOSX_DEPLOYMENT_TARGET = 14.0;
				MARKETING_VERSION = 0.1.1;
				PRODUCT_BUNDLE_IDENTIFIER = dev.narumi.stow.tests.ui.macos;
				PRODUCT_MODULE_NAME = StowMacUITests;
				SDKROOT = macosx;
				SWIFT_STRICT_CONCURRENCY = complete;
				SWIFT_VERSION = 6.0;
				TEST_TARGET_NAME = "Stow-macOS";
			};
			name = Release;
		};
		4B51E86890624AE86FF65984 /* Release */ = {
			isa = XCBuildConfiguration;
			buildSettings = {
				ASSETCATALOG_COMPILER_GENERATE_SWIFT_ASSET_SYMBOL_EXTENSIONS = YES;
				CODE_SIGN_ENTITLEMENTS = "Configuration/StowShare-macOS.entitlements";
				CODE_SIGN_STYLE = Automatic;
				CURRENT_PROJECT_VERSION = 1;
				DEVELOPMENT_TEAM = "";
				ENABLE_USER_SCRIPT_SANDBOXING = YES;
				GENERATE_INFOPLIST_FILE = NO;
				INFOPLIST_FILE = "Configuration/macOS-Share-Info.plist";
				MACOSX_DEPLOYMENT_TARGET = 14.0;
				MARKETING_VERSION = 0.1.1;
				PRODUCT_BUNDLE_IDENTIFIER = dev.narumi.stow.share.macos;
				PRODUCT_MODULE_NAME = StowShare;
				SDKROOT = macosx;
				SWIFT_STRICT_CONCURRENCY = complete;
				SWIFT_VERSION = 6.0;
			};
			name = Release;
		};
		5FCA936FFBBDE177C20D2384 /* Debug */ = {
			isa = XCBuildConfiguration;
			buildSettings = {
				ALWAYS_SEARCH_USER_PATHS = NO;
				CLANG_ANALYZER_NONNULL = YES;
				CLANG_ANALYZER_NUMBER_OBJECT_CONVERSION = YES_AGGRESSIVE;
				CLANG_CXX_LANGUAGE_STANDARD = "gnu++14";
				CLANG_CXX_LIBRARY = "libc++";
				CLANG_ENABLE_MODULES = YES;
				CLANG_ENABLE_OBJC_ARC = YES;
				CLANG_ENABLE_OBJC_WEAK = YES;
				CLANG_WARN_BLOCK_CAPTURE_AUTORELEASING = YES;
				CLANG_WARN_BOOL_CONVERSION = YES;
				CLANG_WARN_COMMA = YES;
				CLANG_WARN_CONSTANT_CONVERSION = YES;
				CLANG_WARN_DEPRECATED_OBJC_IMPLEMENTATIONS = YES;
				CLANG_WARN_DIRECT_OBJC_ISA_USAGE = YES_ERROR;
				CLANG_WARN_DOCUMENTATION_COMMENTS = YES;
				CLANG_WARN_EMPTY_BODY = YES;
				CLANG_WARN_ENUM_CONVERSION = YES;
				CLANG_WARN_INFINITE_RECURSION = YES;
				CLANG_WARN_INT_CONVERSION = YES;
				CLANG_WARN_NON_LITERAL_NULL_CONVERSION = YES;
				CLANG_WARN_OBJC_IMPLICIT_RETAIN_SELF = YES;
				CLANG_WARN_OBJC_LITERAL_CONVERSION = YES;
				CLANG_WARN_OBJC_ROOT_CLASS = YES_ERROR;
				CLANG_WARN_QUOTED_INCLUDE_IN_FRAMEWORK_HEADER = YES;
				CLANG_WARN_RANGE_LOOP_ANALYSIS = YES;
				CLANG_WARN_STRICT_PROTOTYPES = YES;
				CLANG_WARN_SUSPICIOUS_MOVE = YES;
				CLANG_WARN_UNGUARDED_AVAILABILITY = YES_AGGRESSIVE;
				CLANG_WARN_UNREACHABLE_CODE = YES;
				CLANG_WARN__DUPLICATE_METHOD_MATCH = YES;
				COPY_PHASE_STRIP = NO;
				DEBUG_INFORMATION_FORMAT = dwarf;
				ENABLE_STRICT_OBJC_MSGSEND = YES;
				ENABLE_TESTABILITY = YES;
				GCC_C_LANGUAGE_STANDARD = gnu11;
				GCC_DYNAMIC_NO_PIC = NO;
				GCC_NO_COMMON_BLOCKS = YES;
				GCC_OPTIMIZATION_LEVEL = 0;
				GCC_PREPROCESSOR_DEFINITIONS = (
					"DEBUG=1",
					"$(inherited)",
				);
				GCC_WARN_64_TO_32_BIT_CONVERSION = YES;
				GCC_WARN_ABOUT_RETURN_TYPE = YES_ERROR;
				GCC_WARN_UNDECLARED_SELECTOR = YES;
				GCC_WARN_UNINITIALIZED_AUTOS = YES_AGGRESSIVE;
				GCC_WARN_UNUSED_FUNCTION = YES;
				GCC_WARN_UNUSED_VARIABLE = YES;
				MTL_ENABLE_DEBUG_INFO = INCLUDE_SOURCE;
				MTL_FAST_MATH = YES;
				ONLY_ACTIVE_ARCH = YES;
				PRODUCT_NAME = "$(TARGET_NAME)";
				SWIFT_ACTIVE_COMPILATION_CONDITIONS = DEBUG;
				SWIFT_OPTIMIZATION_LEVEL = "-Onone";
				SWIFT_STRICT_CONCURRENCY = complete;
				SWIFT_VERSION = 6.0;
			};
			name = Debug;
		};
		6264C40FAD4DF624246C31B5 /* Release */ = {
			isa = XCBuildConfiguration;
			buildSettings = {
				ALWAYS_SEARCH_USER_PATHS = NO;
				CLANG_ANALYZER_NONNULL = YES;
				CLANG_ANALYZER_NUMBER_OBJECT_CONVERSION = YES_AGGRESSIVE;
				CLANG_CXX_LANGUAGE_STANDARD = "gnu++14";
				CLANG_CXX_LIBRARY = "libc++";
				CLANG_ENABLE_MODULES = YES;
				CLANG_ENABLE_OBJC_ARC = YES;
				CLANG_ENABLE_OBJC_WEAK = YES;
				CLANG_WARN_BLOCK_CAPTURE_AUTORELEASING = YES;
				CLANG_WARN_BOOL_CONVERSION = YES;
				CLANG_WARN_COMMA = YES;
				CLANG_WARN_CONSTANT_CONVERSION = YES;
				CLANG_WARN_DEPRECATED_OBJC_IMPLEMENTATIONS = YES;
				CLANG_WARN_DIRECT_OBJC_ISA_USAGE = YES_ERROR;
				CLANG_WARN_DOCUMENTATION_COMMENTS = YES;
				CLANG_WARN_EMPTY_BODY = YES;
				CLANG_WARN_ENUM_CONVERSION = YES;
				CLANG_WARN_INFINITE_RECURSION = YES;
				CLANG_WARN_INT_CONVERSION = YES;
				CLANG_WARN_NON_LITERAL_NULL_CONVERSION = YES;
				CLANG_WARN_OBJC_IMPLICIT_RETAIN_SELF = YES;
				CLANG_WARN_OBJC_LITERAL_CONVERSION = YES;
				CLANG_WARN_OBJC_ROOT_CLASS = YES_ERROR;
				CLANG_WARN_QUOTED_INCLUDE_IN_FRAMEWORK_HEADER = YES;
				CLANG_WARN_RANGE_LOOP_ANALYSIS = YES;
				CLANG_WARN_STRICT_PROTOTYPES = YES;
				CLANG_WARN_SUSPICIOUS_MOVE = YES;
				CLANG_WARN_UNGUARDED_AVAILABILITY = YES_AGGRESSIVE;
				CLANG_WARN_UNREACHABLE_CODE = YES;
				CLANG_WARN__DUPLICATE_METHOD_MATCH = YES;
				COPY_PHASE_STRIP = NO;
				DEBUG_INFORMATION_FORMAT = "dwarf-with-dsym";
				ENABLE_NS_ASSERTIONS = NO;
				ENABLE_STRICT_OBJC_MSGSEND = YES;
				GCC_C_LANGUAGE_STANDARD = gnu11;
				GCC_NO_COMMON_BLOCKS = YES;
				GCC_WARN_64_TO_32_BIT_CONVERSION = YES;
				GCC_WARN_ABOUT_RETURN_TYPE = YES_ERROR;
				GCC_WARN_UNDECLARED_SELECTOR = YES;
				GCC_WARN_UNINITIALIZED_AUTOS = YES_AGGRESSIVE;
				GCC_WARN_UNUSED_FUNCTION = YES;
				GCC_WARN_UNUSED_VARIABLE = YES;
				MTL_ENABLE_DEBUG_INFO = NO;
				MTL_FAST_MATH = YES;
				PRODUCT_NAME = "$(TARGET_NAME)";
				SWIFT_COMPILATION_MODE = wholemodule;
				SWIFT_OPTIMIZATION_LEVEL = "-O";
				SWIFT_STRICT_CONCURRENCY = complete;
				SWIFT_VERSION = 6.0;
			};
			name = Release;
		};
		660D5A56238C8BEF22055CBF /* Debug */ = {
			isa = XCBuildConfiguration;
			buildSettings = {
				ASSETCATALOG_COMPILER_APPICON_NAME = AppIcon;
				ASSETCATALOG_COMPILER_GENERATE_SWIFT_ASSET_SYMBOL_EXTENSIONS = YES;
				ASSETCATALOG_COMPILER_GLOBAL_ACCENT_COLOR_NAME = AccentColor;
				CODE_SIGN_ENTITLEMENTS = "Configuration/Stow-macOS.entitlements";
				CODE_SIGN_IDENTITY = "-";
				CODE_SIGN_STYLE = Automatic;
				COMBINE_HIDPI_IMAGES = YES;
				CURRENT_PROJECT_VERSION = 1;
				DEVELOPMENT_TEAM = "";
				ENABLE_USER_SCRIPT_SANDBOXING = YES;
				GENERATE_INFOPLIST_FILE = NO;
				INFOPLIST_FILE = "Configuration/macOS-App-Info.plist";
				LD_RUNPATH_SEARCH_PATHS = "$(inherited) @executable_path/../Frameworks";
				MACOSX_DEPLOYMENT_TARGET = 14.0;
				MARKETING_VERSION = 0.1.1;
				PRODUCT_BUNDLE_IDENTIFIER = dev.narumi.stow;
				PRODUCT_MODULE_NAME = StowApp;
				SDKROOT = macosx;
				SWIFT_STRICT_CONCURRENCY = complete;
				SWIFT_VERSION = 6.0;
			};
			name = Debug;
		};
		6AAC6B35EA8B999E976854AE /* Release */ = {
			isa = XCBuildConfiguration;
			buildSettings = {
				ASSETCATALOG_COMPILER_GENERATE_SWIFT_ASSET_SYMBOL_EXTENSIONS = YES;
				BUNDLE_LOADER = "$(TEST_HOST)";
				CODE_SIGN_STYLE = Automatic;
				CURRENT_PROJECT_VERSION = 1;
				DEVELOPMENT_TEAM = "";
				ENABLE_USER_SCRIPT_SANDBOXING = YES;
				GENERATE_INFOPLIST_FILE = NO;
				INFOPLIST_FILE = "Configuration/Test-Info.plist";
				MACOSX_DEPLOYMENT_TARGET = 14.0;
				MARKETING_VERSION = 0.1.1;
				PRODUCT_BUNDLE_IDENTIFIER = dev.narumi.stow.tests.unit;
				PRODUCT_MODULE_NAME = StowAppTests;
				SDKROOT = macosx;
				SWIFT_STRICT_CONCURRENCY = complete;
				SWIFT_VERSION = 6.0;
				TEST_HOST = "$(BUILT_PRODUCTS_DIR)/Stow-macOS.app/Contents/MacOS/Stow-macOS";
			};
			name = Release;
		};
		713E1F9C4AFB81D0F5056E37 /* Release */ = {
			isa = XCBuildConfiguration;
			buildSettings = {
				ASSETCATALOG_COMPILER_GENERATE_SWIFT_ASSET_SYMBOL_EXTENSIONS = YES;
				CLANG_ENABLE_OBJC_WEAK = NO;
				CODE_SIGN_STYLE = Automatic;
				CURRENT_PROJECT_VERSION = 1;
				DEVELOPMENT_TEAM = "";
				ENABLE_USER_SCRIPT_SANDBOXING = YES;
				GENERATE_INFOPLIST_FILE = NO;
				INFOPLIST_FILE = "Configuration/Test-Info.plist";
				IPHONEOS_DEPLOYMENT_TARGET = 17.0;
				MARKETING_VERSION = 0.1.1;
				PRODUCT_BUNDLE_IDENTIFIER = dev.narumi.stow.tests.ui.ios;
				PRODUCT_MODULE_NAME = StowUITests;
				SDKROOT = iphoneos;
				SUPPORTS_MACCATALYST = NO;
				SWIFT_STRICT_CONCURRENCY = complete;
				SWIFT_VERSION = 6.0;
				TARGETED_DEVICE_FAMILY = "1,2";
				TEST_TARGET_NAME = "Stow-iOS";
				VALIDATE_PRODUCT = YES;
			};
			name = Release;
		};
		98254CC13B60279F39D366E1 /* Debug */ = {
			isa = XCBuildConfiguration;
			buildSettings = {
				ASSETCATALOG_COMPILER_GENERATE_SWIFT_ASSET_SYMBOL_EXTENSIONS = YES;
				CLANG_ENABLE_OBJC_WEAK = NO;
				CODE_SIGN_ENTITLEMENTS = "Configuration/StowShare-iOS.entitlements";
				CODE_SIGN_STYLE = Automatic;
				CURRENT_PROJECT_VERSION = 1;
				DEVELOPMENT_TEAM = "";
				ENABLE_USER_SCRIPT_SANDBOXING = YES;
				GENERATE_INFOPLIST_FILE = NO;
				INFOPLIST_FILE = "Configuration/iOS-Share-Info.plist";
				IPHONEOS_DEPLOYMENT_TARGET = 17.0;
				MARKETING_VERSION = 0.1.1;
				PRODUCT_BUNDLE_IDENTIFIER = dev.narumi.stow.share.ios;
				PRODUCT_MODULE_NAME = StowShare;
				SDKROOT = iphoneos;
				SUPPORTS_MACCATALYST = NO;
				SWIFT_STRICT_CONCURRENCY = complete;
				SWIFT_VERSION = 6.0;
				TARGETED_DEVICE_FAMILY = "1,2";
			};
			name = Debug;
		};
		B3A5337097E5F31A93A2033B /* Release */ = {
			isa = XCBuildConfiguration;
			buildSettings = {
				ASSETCATALOG_COMPILER_GENERATE_SWIFT_ASSET_SYMBOL_EXTENSIONS = YES;
				CODE_SIGN_ENTITLEMENTS = Configuration/StowCLI.entitlements;
				CODE_SIGN_STYLE = Automatic;
				CURRENT_PROJECT_VERSION = 1;
				DEVELOPMENT_TEAM = "";
				ENABLE_USER_SCRIPT_SANDBOXING = YES;
				GENERATE_INFOPLIST_FILE = NO;
				MACOSX_DEPLOYMENT_TARGET = 14.0;
				MARKETING_VERSION = 0.1.1;
				PRODUCT_BUNDLE_IDENTIFIER = dev.narumi.stow.cli;
				PRODUCT_MODULE_NAME = StowCLI;
				PRODUCT_NAME = stow;
				SDKROOT = macosx;
				SKIP_INSTALL = YES;
				SWIFT_STRICT_CONCURRENCY = complete;
				SWIFT_VERSION = 6.0;
			};
			name = Release;
		};
		B9A747111ECA77E779A6C31F /* Debug */ = {
			isa = XCBuildConfiguration;
			buildSettings = {
				ASSETCATALOG_COMPILER_APPICON_NAME = AppIcon;
				ASSETCATALOG_COMPILER_GENERATE_SWIFT_ASSET_SYMBOL_EXTENSIONS = YES;
				ASSETCATALOG_COMPILER_GLOBAL_ACCENT_COLOR_NAME = AccentColor;
				CLANG_ENABLE_OBJC_WEAK = NO;
				CODE_SIGN_ENTITLEMENTS = "Configuration/Stow-iOS.entitlements";
				CODE_SIGN_STYLE = Automatic;
				CURRENT_PROJECT_VERSION = 1;
				DEVELOPMENT_TEAM = "";
				ENABLE_USER_SCRIPT_SANDBOXING = YES;
				GENERATE_INFOPLIST_FILE = NO;
				INFOPLIST_FILE = "Configuration/iOS-App-Info.plist";
				IPHONEOS_DEPLOYMENT_TARGET = 17.0;
				LD_RUNPATH_SEARCH_PATHS = "$(inherited) @executable_path/Frameworks";
				MARKETING_VERSION = 0.1.1;
				PRODUCT_BUNDLE_IDENTIFIER = dev.narumi.stow;
				PRODUCT_MODULE_NAME = StowApp;
				SDKROOT = iphoneos;
				SUPPORTS_MACCATALYST = NO;
				SWIFT_STRICT_CONCURRENCY = complete;
				SWIFT_VERSION = 6.0;
				TARGETED_DEVICE_FAMILY = "1,2";
			};
			name = Debug;
		};
		BE4970498475F2E337A37C97 /* Release */ = {
			isa = XCBuildConfiguration;
			buildSettings = {
				ASSETCATALOG_COMPILER_GENERATE_SWIFT_ASSET_SYMBOL_EXTENSIONS = YES;
				CLANG_ENABLE_OBJC_WEAK = NO;
				CODE_SIGN_ENTITLEMENTS = "Configuration/StowShare-iOS.entitlements";
				CODE_SIGN_STYLE = Automatic;
				CURRENT_PROJECT_VERSION = 1;
				DEVELOPMENT_TEAM = "";
				ENABLE_USER_SCRIPT_SANDBOXING = YES;
				GENERATE_INFOPLIST_FILE = NO;
				INFOPLIST_FILE = "Configuration/iOS-Share-Info.plist";
				IPHONEOS_DEPLOYMENT_TARGET = 17.0;
				MARKETING_VERSION = 0.1.1;
				PRODUCT_BUNDLE_IDENTIFIER = dev.narumi.stow.share.ios;
				PRODUCT_MODULE_NAME = StowShare;
				SDKROOT = iphoneos;
				SUPPORTS_MACCATALYST = NO;
				SWIFT_STRICT_CONCURRENCY = complete;
				SWIFT_VERSION = 6.0;
				TARGETED_DEVICE_FAMILY = "1,2";
				VALIDATE_PRODUCT = YES;
			};
			name = Release;
		};
		CA8C060E7D7676F2CE98E7F4 /* Debug */ = {
			isa = XCBuildConfiguration;
			buildSettings = {
				ASSETCATALOG_COMPILER_GENERATE_SWIFT_ASSET_SYMBOL_EXTENSIONS = YES;
				CODE_SIGN_ENTITLEMENTS = "Configuration/StowShare-macOS.entitlements";
				CODE_SIGN_IDENTITY = "-";
				CODE_SIGN_STYLE = Automatic;
				CURRENT_PROJECT_VERSION = 1;
				DEVELOPMENT_TEAM = "";
				ENABLE_USER_SCRIPT_SANDBOXING = YES;
				GENERATE_INFOPLIST_FILE = NO;
				INFOPLIST_FILE = "Configuration/macOS-Share-Info.plist";
				MACOSX_DEPLOYMENT_TARGET = 14.0;
				MARKETING_VERSION = 0.1.1;
				PRODUCT_BUNDLE_IDENTIFIER = dev.narumi.stow.share.macos;
				PRODUCT_MODULE_NAME = StowShare;
				SDKROOT = macosx;
				SWIFT_STRICT_CONCURRENCY = complete;
				SWIFT_VERSION = 6.0;
			};
			name = Debug;
		};
		D46D039A98563E55B5DCBCB4 /* Debug */ = {
			isa = XCBuildConfiguration;
			buildSettings = {
				ASSETCATALOG_COMPILER_GENERATE_SWIFT_ASSET_SYMBOL_EXTENSIONS = YES;
				CLANG_ENABLE_OBJC_WEAK = NO;
				CODE_SIGN_STYLE = Automatic;
				CURRENT_PROJECT_VERSION = 1;
				DEVELOPMENT_TEAM = "";
				ENABLE_USER_SCRIPT_SANDBOXING = YES;
				GENERATE_INFOPLIST_FILE = NO;
				INFOPLIST_FILE = "Configuration/Test-Info.plist";
				IPHONEOS_DEPLOYMENT_TARGET = 17.0;
				MARKETING_VERSION = 0.1.1;
				PRODUCT_BUNDLE_IDENTIFIER = dev.narumi.stow.tests.ui.ios;
				PRODUCT_MODULE_NAME = StowUITests;
				SDKROOT = iphoneos;
				SUPPORTS_MACCATALYST = NO;
				SWIFT_STRICT_CONCURRENCY = complete;
				SWIFT_VERSION = 6.0;
				TARGETED_DEVICE_FAMILY = "1,2";
				TEST_TARGET_NAME = "Stow-iOS";
			};
			name = Debug;
		};
		D9E26AEA4F1C10B16C0CE3A2 /* Debug */ = {
			isa = XCBuildConfiguration;
			buildSettings = {
				ASSETCATALOG_COMPILER_GENERATE_SWIFT_ASSET_SYMBOL_EXTENSIONS = YES;
				BUNDLE_LOADER = "$(TEST_HOST)";
				CODE_SIGN_IDENTITY = "-";
				CODE_SIGN_STYLE = Automatic;
				CURRENT_PROJECT_VERSION = 1;
				DEVELOPMENT_TEAM = "";
				ENABLE_USER_SCRIPT_SANDBOXING = YES;
				GENERATE_INFOPLIST_FILE = NO;
				INFOPLIST_FILE = "Configuration/Test-Info.plist";
				MACOSX_DEPLOYMENT_TARGET = 14.0;
				MARKETING_VERSION = 0.1.1;
				PRODUCT_BUNDLE_IDENTIFIER = dev.narumi.stow.tests.unit;
				PRODUCT_MODULE_NAME = StowAppTests;
				SDKROOT = macosx;
				SWIFT_STRICT_CONCURRENCY = complete;
				SWIFT_VERSION = 6.0;
				TEST_HOST = "$(BUILT_PRODUCTS_DIR)/Stow-macOS.app/Contents/MacOS/Stow-macOS";
			};
			name = Debug;
		};
		E55167509D2D658C88A615EC /* Release */ = {
			isa = XCBuildConfiguration;
			buildSettings = {
				ASSETCATALOG_COMPILER_APPICON_NAME = AppIcon;
				ASSETCATALOG_COMPILER_GENERATE_SWIFT_ASSET_SYMBOL_EXTENSIONS = YES;
				ASSETCATALOG_COMPILER_GLOBAL_ACCENT_COLOR_NAME = AccentColor;
				CLANG_ENABLE_OBJC_WEAK = NO;
				CODE_SIGN_ENTITLEMENTS = "Configuration/Stow-iOS.entitlements";
				CODE_SIGN_STYLE = Automatic;
				CURRENT_PROJECT_VERSION = 1;
				DEVELOPMENT_TEAM = "";
				ENABLE_USER_SCRIPT_SANDBOXING = YES;
				GENERATE_INFOPLIST_FILE = NO;
				INFOPLIST_FILE = "Configuration/iOS-App-Info.plist";
				IPHONEOS_DEPLOYMENT_TARGET = 17.0;
				LD_RUNPATH_SEARCH_PATHS = "$(inherited) @executable_path/Frameworks";
				MARKETING_VERSION = 0.1.1;
				PRODUCT_BUNDLE_IDENTIFIER = dev.narumi.stow;
				PRODUCT_MODULE_NAME = StowApp;
				SDKROOT = iphoneos;
				SUPPORTS_MACCATALYST = NO;
				SWIFT_STRICT_CONCURRENCY = complete;
				SWIFT_VERSION = 6.0;
				TARGETED_DEVICE_FAMILY = "1,2";
				VALIDATE_PRODUCT = YES;
			};
			name = Release;
		};
		FB49305159D4C98993C01534 /* Release */ = {
			isa = XCBuildConfiguration;
			buildSettings = {
				ASSETCATALOG_COMPILER_APPICON_NAME = AppIcon;
				ASSETCATALOG_COMPILER_GENERATE_SWIFT_ASSET_SYMBOL_EXTENSIONS = YES;
				ASSETCATALOG_COMPILER_GLOBAL_ACCENT_COLOR_NAME = AccentColor;
				CODE_SIGN_ENTITLEMENTS = "Configuration/Stow-macOS.entitlements";
				CODE_SIGN_STYLE = Automatic;
				COMBINE_HIDPI_IMAGES = YES;
				CURRENT_PROJECT_VERSION = 1;
				DEVELOPMENT_TEAM = "";
				ENABLE_USER_SCRIPT_SANDBOXING = YES;
				GENERATE_INFOPLIST_FILE = NO;
				INFOPLIST_FILE = "Configuration/macOS-App-Info.plist";
				LD_RUNPATH_SEARCH_PATHS = "$(inherited) @executable_path/../Frameworks";
				MACOSX_DEPLOYMENT_TARGET = 14.0;
				MARKETING_VERSION = 0.1.1;
				PRODUCT_BUNDLE_IDENTIFIER = dev.narumi.stow;
				PRODUCT_MODULE_NAME = StowApp;
				SDKROOT = macosx;
				SWIFT_STRICT_CONCURRENCY = complete;
				SWIFT_VERSION = 6.0;
			};
			name = Release;
		};
/* End XCBuildConfiguration section */

/* Begin XCConfigurationList section */
		063C8DD306351A9F9467311B /* Build configuration list for PBXNativeTarget "Stow-iOS" */ = {
			isa = XCConfigurationList;
			buildConfigurations = (
				E55167509D2D658C88A615EC /* Release */,
				B9A747111ECA77E779A6C31F /* Debug */,
			);
			defaultConfigurationIsVisible = 0;
			defaultConfigurationName = Release;
		};
		12EA9B63F49AEF8389F30B97 /* Build configuration list for PBXProject "Stow" */ = {
			isa = XCConfigurationList;
			buildConfigurations = (
				5FCA936FFBBDE177C20D2384 /* Debug */,
				6264C40FAD4DF624246C31B5 /* Release */,
			);
			defaultConfigurationIsVisible = 0;
			defaultConfigurationName = Release;
		};
		27B7A1140B9E6274309B71DF /* Build configuration list for PBXNativeTarget "StowShare-iOS" */ = {
			isa = XCConfigurationList;
			buildConfigurations = (
				BE4970498475F2E337A37C97 /* Release */,
				98254CC13B60279F39D366E1 /* Debug */,
			);
			defaultConfigurationIsVisible = 0;
			defaultConfigurationName = Release;
		};
		2A50B7C5E2381A382DCB09A4 /* Build configuration list for PBXNativeTarget "StowShare-macOS" */ = {
			isa = XCConfigurationList;
			buildConfigurations = (
				4B51E86890624AE86FF65984 /* Release */,
				CA8C060E7D7676F2CE98E7F4 /* Debug */,
			);
			defaultConfigurationIsVisible = 0;
			defaultConfigurationName = Release;
		};
		447D1E8970F5FEA7414F5D7C /* Build configuration list for PBXNativeTarget "StowMacUITests" */ = {
			isa = XCConfigurationList;
			buildConfigurations = (
				2D2A72722E81FF057C814AB5 /* Release */,
				22BB6C63488717FE8CC978A6 /* Debug */,
			);
			defaultConfigurationIsVisible = 0;
			defaultConfigurationName = Release;
		};
		BDA862F0948BB2AF6B6A0FEB /* Build configuration list for PBXNativeTarget "StowAppTests" */ = {
			isa = XCConfigurationList;
			buildConfigurations = (
				6AAC6B35EA8B999E976854AE /* Release */,
				D9E26AEA4F1C10B16C0CE3A2 /* Debug */,
			);
			defaultConfigurationIsVisible = 0;
			defaultConfigurationName = Release;
		};
		BF13D6B90DFC1386141F149E /* Build configuration list for PBXNativeTarget "StowCLI" */ = {
			isa = XCConfigurationList;
			buildConfigurations = (
				B3A5337097E5F31A93A2033B /* Release */,
				2BC1E3DB2E1DDFCC2A484AAD /* Debug */,
			);
			defaultConfigurationIsVisible = 0;
			defaultConfigurationName = Release;
		};
		C9AAE3D959DE9809309FB0B5 /* Build configuration list for PBXNativeTarget "StowUITests" */ = {
			isa = XCConfigurationList;
			buildConfigurations = (
				713E1F9C4AFB81D0F5056E37 /* Release */,
				D46D039A98563E55B5DCBCB4 /* Debug */,
			);
			defaultConfigurationIsVisible = 0;
			defaultConfigurationName = Release;
		};
		F4FD05A591DECE17E4928A65 /* Build configuration list for PBXNativeTarget "Stow-macOS" */ = {
			isa = XCConfigurationList;
			buildConfigurations = (
				FB49305159D4C98993C01534 /* Release */,
				660D5A56238C8BEF22055CBF /* Debug */,
			);
			defaultConfigurationIsVisible = 0;
			defaultConfigurationName = Release;
		};
/* End XCConfigurationList section */

/* Begin XCLocalSwiftPackageReference section */
		9E102710A357AAF429B9697E /* XCLocalSwiftPackageReference "StowCore" */ = {
			isa = XCLocalSwiftPackageReference;
			relativePath = Packages/StowCore;
		};
/* End XCLocalSwiftPackageReference section */

/* Begin XCSwiftPackageProductDependency section */
		117F6D5238FBEDD7DDA4F0D7 /* StowCore */ = {
			isa = XCSwiftPackageProductDependency;
			package = 9E102710A357AAF429B9697E /* XCLocalSwiftPackageReference "StowCore" */;
			productName = StowCore;
		};
		32160B1FE80E7FE187769E2B /* StowCore */ = {
			isa = XCSwiftPackageProductDependency;
			package = 9E102710A357AAF429B9697E /* XCLocalSwiftPackageReference "StowCore" */;
			productName = StowCore;
		};
		3FC668A6993235FAC41BA43D /* StowCore */ = {
			isa = XCSwiftPackageProductDependency;
			package = 9E102710A357AAF429B9697E /* XCLocalSwiftPackageReference "StowCore" */;
			productName = StowCore;
		};
		7DAF7A9598D9FE73B0B91304 /* StowCore */ = {
			isa = XCSwiftPackageProductDependency;
			package = 9E102710A357AAF429B9697E /* XCLocalSwiftPackageReference "StowCore" */;
			productName = StowCore;
		};
		9657CA1729E7964460D1E599 /* StowCore */ = {
			isa = XCSwiftPackageProductDependency;
			package = 9E102710A357AAF429B9697E /* XCLocalSwiftPackageReference "StowCore" */;
			productName = StowCore;
		};
		E7F7230ED27654007800CC99 /* StowCore */ = {
			isa = XCSwiftPackageProductDependency;
			package = 9E102710A357AAF429B9697E /* XCLocalSwiftPackageReference "StowCore" */;
			productName = StowCore;
		};
/* End XCSwiftPackageProductDependency section */
	};
	rootObject = 09CD628746B000835BD7FAA5 /* Project object */;
}
